// !$*UTF8*$!
{
	archiveVersion = 1;
	classes = {
	};
	objectVersion = 55;
	objects = {

/* Begin PBXBuildFile section */
		63C7163E27ABD86800E81C96 /* AppDelegate.swift in Sources */ = {isa = PBXBuildFile; fileRef = 63C7163D27ABD86800E81C96 /* AppDelegate.swift */; };
		63C7164027ABD86800E81C96 /* SceneDelegate.swift in Sources */ = {isa = PBXBuildFile; fileRef = 63C7163F27ABD86800E81C96 /* SceneDelegate.swift */; };
		63C7164227ABD86800E81C96 /* ViewController.swift in Sources */ = {isa = PBXBuildFile; fileRef = 63C7164127ABD86800E81C96 /* ViewController.swift */; };
		63C7164527ABD86800E81C96 /* Main.storyboard in Resources */ = {isa = PBXBuildFile; fileRef = 63C7164327ABD86800E81C96 /* Main.storyboard */; };
		63C7164727ABD86A00E81C96 /* Assets.xcassets in Resources */ = {isa = PBXBuildFile; fileRef = 63C7164627ABD86A00E81C96 /* Assets.xcassets */; };
		63C7164A27ABD86A00E81C96 /* LaunchScreen.storyboard in Resources */ = {isa = PBXBuildFile; fileRef = 63C7164827ABD86A00E81C96 /* LaunchScreen.storyboard */; };
		63C7165527ABD86A00E81C96 /* cokbolumlutableviewTests.swift in Sources */ = {isa = PBXBuildFile; fileRef = 63C7165427ABD86A00E81C96 /* cokbolumlutableviewTests.swift */; };
		63C7165F27ABD86A00E81C96 /* cokbolumlutableviewUITests.swift in Sources */ = {isa = PBXBuildFile; fileRef = 63C7165E27ABD86A00E81C96 /* cokbolumlutableviewUITests.swift */; };
		63C7166127ABD86A00E81C96 /* cokbolumlutableviewUITestsLaunchTests.swift in Sources */ = {isa = PBXBuildFile; fileRef = 63C7166027ABD86A00E81C96 /* cokbolumlutableviewUITestsLaunchTests.swift */; };
/* End PBXBuildFile section */

/* Begin PBXContainerItemProxy section */
		63C7165127ABD86A00E81C96 /* PBXContainerItemProxy */ = {
			isa = PBXContainerItemProxy;
			containerPortal = 63C7163227ABD86800E81C96 /* Project object */;
			proxyType = 1;
			remoteGlobalIDString = 63C7163927ABD86800E81C96;
			remoteInfo = cokbolumlutableview;
		};
		63C7165B27ABD86A00E81C96 /* PBXContainerItemProxy */ = {
			isa = PBXContainerItemProxy;
			containerPortal = 63C7163227ABD86800E81C96 /* Project object */;
			proxyType = 1;
			remoteGlobalIDString = 63C7163927ABD86800E81C96;
			remoteInfo = cokbolumlutableview;
		};
/* End PBXContainerItemProxy section */

/* Begin PBXFileReference section */
		63C7163A27ABD86800E81C96 /* cokbolumlutableview.app */ = {isa = PBXFileReference; explicitFileType = wrapper.application; includeInIndex = 0; path = cokbolumlutableview.app; sourceTree = BUILT_PRODUCTS_DIR; };
		63C7163D27ABD86800E81C96 /* AppDelegate.swift */ = {isa = PBXFileReference; lastKnownFileType = sourcecode.swift; path = AppDelegate.swift; sourceTree = "<group>"; };
		63C7163F27ABD86800E81C96 /* SceneDelegate.swift */ = {isa = PBXFileReference; lastKnownFileType = sourcecode.swift; path = SceneDelegate.swift; sourceTree = "<group>"; };
		63C7164127ABD86800E81C96 /* ViewController.swift */ = {isa = PBXFileReference; lastKnownFileType = sourcecode.swift; path = ViewController.swift; sourceTree = "<group>"; };
		63C7164427ABD86800E81C96 /* Base */ = {isa = PBXFileReference; lastKnownFileType = file.storyboard; name = Base; path = Base.lproj/Main.storyboard; sourceTree = "<group>"; };
		63C7164627ABD86A00E81C96 /* Assets.xcassets */ = {isa = PBXFileReference; lastKnownFileType = folder.assetcatalog; path = Assets.xcassets; sourceTree = "<group>"; };
		63C7164927ABD86A00E81C96 /* Base */ = {isa = PBXFileReference; lastKnownFileType = file.storyboard; name = Base; path = Base.lproj/LaunchScreen.storyboard; sourceTree = "<group>"; };
		63C7164B27ABD86A00E81C96 /* Info.plist */ = {isa = PBXFileReference; lastKnownFileType = text.plist.xml; path = Info.plist; sourceTree = "<group>"; };
		63C7165027ABD86A00E81C96 /* cokbolumlutableviewTests.xctest */ = {isa = PBXFileReference; explicitFileType = wrapper.cfbundle; includeInIndex = 0; path = cokbolumlutableviewTests.xctest; sourceTree = BUILT_PRODUCTS_DIR; };
		63C7165427ABD86A00E81C96 /* cokbolumlutableviewTests.swift */ = {isa = PBXFileReference; lastKnownFileType = sourcecode.swift; path = cokbolumlutableviewTests.swift; sourceTree = "<group>"; };
		63C7165A27ABD86A00E81C96 /* cokbolumlutableviewUITests.xctest */ = {isa = PBXFileReference; explicitFileType = wrapper.cfbundle; includeInIndex = 0; path = cokbolumlutableviewUITests.xctest; sourceTree = BUILT_PRODUCTS_DIR; };
		63C7165E27ABD86A00E81C96 /* cokbolumlutableviewUITests.swift */ = {isa = PBXFileReference; lastKnownFileType = sourcecode.swift; path = cokbolumlutableviewUITests.swift; sourceTree = "<group>"; };
		63C7166027ABD86A00E81C96 /* cokbolumlutableviewUITestsLaunchTests.swift */ = {isa = PBXFileReference; lastKnownFileType = sourcecode.swift; path = cokbolumlutableviewUITestsLaunchTests.swift; sourceTree = "<group>"; };
/* End PBXFileReference section */

/* Begin PBXFrameworksBuildPhase section */
		63C7163727ABD86800E81C96 /* Frameworks */ = {
			isa = PBXFrameworksBuildPhase;
			buildActionMask = 2147483647;
			files = (
			);
			runOnlyForDeploymentPostprocessing = 0;
		};
		63C7164D27ABD86A00E81C96 /* Frameworks */ = {
			isa = PBXFrameworksBuildPhase;
			buildActionMask = 2147483647;
			files = (
			);
			runOnlyForDeploymentPostprocessing = 0;
		};
		63C7165727ABD86A00E81C96 /* Frameworks */ = {
			isa = PBXFrameworksBuildPhase;
			buildActionMask = 2147483647;
			files = (
			);
			runOnlyForDeploymentPostprocessing = 0;
		};
/* End PBXFrameworksBuildPhase section */

/* Begin PBXGroup section */
		63C7163127ABD86800E81C96 = {
			isa = PBXGroup;
			children = (
				63C7163C27ABD86800E81C96 /* cokbolumlutableview */,
				63C7165327ABD86A00E81C96 /* cokbolumlutableviewTests */,
				63C7165D27ABD86A00E81C96 /* cokbolumlutableviewUITests */,
				63C7163B27ABD86800E81C96 /* Products */,
			);
			sourceTree = "<group>";
		};
		63C7163B27ABD86800E81C96 /* Products */ = {
			isa = PBXGroup;
			children = (
				63C7163A27ABD86800E81C96 /* cokbolumlutableview.app */,
				63C7165027ABD86A00E81C96 /* cokbolumlutableviewTests.xctest */,
				63C7165A27ABD86A00E81C96 /* cokbolumlutableviewUITests.xctest */,
			);
			name = Products;
			sourceTree = "<group>";
		};
		63C7163C27ABD86800E81C96 /* cokbolumlutableview */ = {
			isa = PBXGroup;
			children = (
				63C7163D27ABD86800E81C96 /* AppDelegate.swift */,
				63C7163F27ABD86800E81C96 /* SceneDelegate.swift */,
				63C7164127ABD86800E81C96 /* ViewController.swift */,
				63C7164327ABD86800E81C96 /* Main.storyboard */,
				63C7164627ABD86A00E81C96 /* Assets.xcassets */,
				63C7164827ABD86A00E81C96 /* LaunchScreen.storyboard */,
				63C7164B27ABD86A00E81C96 /* Info.plist */,
			);
			path = cokbolumlutableview;
			sourceTree = "<group>";
		};
		63C7165327ABD86A00E81C96 /* cokbolumlutableviewTests */ = {
			isa = PBXGroup;
			children = (
				63C7165427ABD86A00E81C96 /* cokbolumlutableviewTests.swift */,
			);
			path = cokbolumlutableviewTests;
			sourceTree = "<group>";
		};
		63C7165D27ABD86A00E81C96 /* cokbolumlutableviewUITests */ = {
			isa = PBXGroup;
			children = (
				63C7165E27ABD86A00E81C96 /* cokbolumlutableviewUITests.swift */,
				63C7166027ABD86A00E81C96 /* cokbolumlutableviewUITestsLaunchTests.swift */,
			);
			path = cokbolumlutableviewUITests;
			sourceTree = "<group>";
		};
/* End PBXGroup section */

/* Begin PBXNativeTarget section */
		63C7163927ABD86800E81C96 /* cokbolumlutableview */ = {
			isa = PBXNativeTarget;
			buildConfigurationList = 63C7166427ABD86A00E81C96 /* Build configuration list for PBXNativeTarget "cokbolumlutableview" */;
			buildPhases = (
				63C7163627ABD86800E81C96 /* Sources */,
				63C7163727ABD86800E81C96 /* Frameworks */,
				63C7163827ABD86800E81C96 /* Resources */,
			);
			buildRules = (
			);
			dependencies = (
			);
			name = cokbolumlutableview;
			productName = cokbolumlutableview;
			productReference = 63C7163A27ABD86800E81C96 /* cokbolumlutableview.app */;
			productType = "com.apple.product-type.application";
		};
		63C7164F27ABD86A00E81C96 /* cokbolumlutableviewTests */ = {
			isa = PBXNativeTarget;
			buildConfigurationList = 63C7166727ABD86A00E81C96 /* Build configuration list for PBXNativeTarget "cokbolumlutableviewTests" */;
			buildPhases = (
				63C7164C27ABD86A00E81C96 /* Sources */,
				63C7164D27ABD86A00E81C96 /* Frameworks */,
				63C7164E27ABD86A00E81C96 /* Resources */,
			);
			buildRules = (
			);
			dependencies = (
				63C7165227ABD86A00E81C96 /* PBXTargetDependency */,
			);
			name = cokbolumlutableviewTests;
			productName = cokbolumlutableviewTests;
			productReference = 63C7165027ABD86A00E81C96 /* cokbolumlutableviewTests.xctest */;
			productType = "com.apple.product-type.bundle.unit-test";
		};
		63C7165927ABD86A00E81C96 /* cokbolumlutableviewUITests */ = {
			isa = PBXNativeTarget;
			buildConfigurationList = 63C7166A27ABD86A00E81C96 /* Build configuration list for PBXNativeTarget "cokbolumlutableviewUITests" */;
			buildPhases = (
				63C7165627ABD86A00E81C96 /* Sources */,
				63C7165727ABD86A00E81C96 /* Frameworks */,
				63C7165827ABD86A00E81C96 /* Resources */,
			);
			buildRules = (
			);
			dependencies = (
				63C7165C27ABD86A00E81C96 /* PBXTargetDependency */,
			);
			name = cokbolumlutableviewUITests;
			productName = cokbolumlutableviewUITests;
			productReference = 63C7165A27ABD86A00E81C96 /* cokbolumlutableviewUITests.xctest */;
			productType = "com.apple.product-type.bundle.ui-testing";
		};
/* End PBXNativeTarget section */

/* Begin PBXProject section */
		63C7163227ABD86800E81C96 /* Project object */ = {
			isa = PBXProject;
			attributes = {
				BuildIndependentTargetsInParallel = 1;
				LastSwiftUpdateCheck = 1320;
				LastUpgradeCheck = 1320;
				TargetAttributes = {
					63C7163927ABD86800E81C96 = {
						CreatedOnToolsVersion = 13.2.1;
					};
					63C7164F27ABD86A00E81C96 = {
						CreatedOnToolsVersion = 13.2.1;
						TestTargetID = 63C7163927ABD86800E81C96;
					};
					63C7165927ABD86A00E81C96 = {
						CreatedOnToolsVersion = 13.2.1;
						TestTargetID = 63C7163927ABD86800E81C96;
					};
				};
			};
			buildConfigurationList = 63C7163527ABD86800E81C96 /* Build configuration list for PBXProject "cokbolumlutableview" */;
			compatibilityVersion = "Xcode 13.0";
			developmentRegion = en;
			hasScannedForEncodings = 0;
			knownRegions = (
				en,
				Base,
			);
			mainGroup = 63C7163127ABD86800E81C96;
			productRefGroup = 63C7163B27ABD86800E81C96 /* Products */;
			projectDirPath = "";
			projectRoot = "";
			targets = (
				63C7163927ABD86800E81C96 /* cokbolumlutableview */,
				63C7164F27ABD86A00E81C96 /* cokbolumlutableviewTests */,
				63C7165927ABD86A00E81C96 /* cokbolumlutableviewUITests */,
			);
		};
/* End PBXProject section */

/* Begin PBXResourcesBuildPhase section */
		63C7163827ABD86800E81C96 /* Resources */ = {
			isa = PBXResourcesBuildPhase;
			buildActionMask = 2147483647;
			files = (
				63C7164A27ABD86A00E81C96 /* LaunchScreen.storyboard in Resources */,
				63C7164727ABD86A00E81C96 /* Assets.xcassets in Resources */,
				63C7164527ABD86800E81C96 /* Main.storyboard in Resources */,
			);
			runOnlyForDeploymentPostprocessing = 0;
		};
		63C7164E27ABD86A00E81C96 /* Resources */ = {
			isa = PBXResourcesBuildPhase;
			buildActionMask = 2147483647;
			files = (
			);
			runOnlyForDeploymentPostprocessing = 0;
		};
		63C7165827ABD86A00E81C96 /* Resources */ = {
			isa = PBXResourcesBuildPhase;
			buildActionMask = 2147483647;
			files = (
			);
			runOnlyForDeploymentPostprocessing = 0;
		};
/* End PBXResourcesBuildPhase section */

/* Begin PBXSourcesBuildPhase section */
		63C7163627ABD86800E81C96 /* Sources */ = {
			isa = PBXSourcesBuildPhase;
			buildActionMask = 2147483647;
			files = (
				63C7164227ABD86800E81C96 /* ViewController.swift in Sources */,
				63C7163E27ABD86800E81C96 /* AppDelegate.swift in Sources */,
				63C7164027ABD86800E81C96 /* SceneDelegate.swift in Sources */,
			);
			runOnlyForDeploymentPostprocessing = 0;
		};
		63C7164C27ABD86A00E81C96 /* Sources */ = {
			isa = PBXSourcesBuildPhase;
			buildActionMask = 2147483647;
			files = (
				63C7165527ABD86A00E81C96 /* cokbolumlutableviewTests.swift in Sources */,
			);
			runOnlyForDeploymentPostprocessing = 0;
		};
		63C7165627ABD86A00E81C96 /* Sources */ = {
			isa = PBXSourcesBuildPhase;
			buildActionMask = 2147483647;
			files = (
				63C7165F27ABD86A00E81C96 /* cokbolumlutableviewUITests.swift in Sources */,
				63C7166127ABD86A00E81C96 /* cokbolumlutableviewUITestsLaunchTests.swift in Sources */,
			);
			runOnlyForDeploymentPostprocessing = 0;
		};
/* End PBXSourcesBuildPhase section */

/* Begin PBXTargetDependency section */
		63C7165227ABD86A00E81C96 /* PBXTargetDependency */ = {
			isa = PBXTargetDependency;
			target = 63C7163927ABD86800E81C96 /* cokbolumlutableview */;
			targetProxy = 63C7165127ABD86A00E81C96 /* PBXContainerItemProxy */;
		};
		63C7165C27ABD86A00E81C96 /* PBXTargetDependency */ = {
			isa = PBXTargetDependency;
			target = 63C7163927ABD86800E81C96 /* cokbolumlutableview */;
			targetProxy = 63C7165B27ABD86A00E81C96 /* PBXContainerItemProxy */;
		};
/* End PBXTargetDependency section */

/* Begin PBXVariantGroup section */
		63C7164327ABD86800E81C96 /* Main.storyboard */ = {
			isa = PBXVariantGroup;
			children = (
				63C7164427ABD86800E81C96 /* Base */,
			);
			name = Main.storyboard;
			sourceTree = "<group>";
		};
		63C7164827ABD86A00E81C96 /* LaunchScreen.storyboard */ = {
			isa = PBXVariantGroup;
			children = (
				63C7164927ABD86A00E81C96 /* Base */,
			);
			name = LaunchScreen.storyboard;
			sourceTree = "<group>";
		};
/* End PBXVariantGroup section */

/* Begin XCBuildConfiguration section */
		63C7166227ABD86A00E81C96 /* Debug */ = {
			isa = XCBuildConfiguration;
			buildSettings = {
				ALWAYS_SEARCH_USER_PATHS = NO;
				CLANG_ANALYZER_NONNULL = YES;
				CLANG_ANALYZER_NUMBER_OBJECT_CONVERSION = YES_AGGRESSIVE;
				CLANG_CXX_LANGUAGE_STANDARD = "gnu++17";
				CLANG_CXX_LIBRARY = "libc++";
				CLANG_ENABLE_MODULES = YES;
				CLANG_ENABLE_OBJC_ARC = YES;
				CLANG_ENABLE_OBJC_WEAK = YES;
				CLANG_WARN_BLOCK_CAPTURE_AUTORELEASING = YES;
				CLANG_WARN_BOOL_CONVERSION = YES;
				CLANG_WARN_COMMA = YES;
				CLANG_WARN_CONSTANT_CONVERSION = YES;
				CLANG_WARN_DEPRECATED_OBJC_IMPLEMENTATIONS = YES;
				CLANG_WARN_DIRECT_OBJC_ISA_USAGE = YES_ERROR;
				CLANG_WARN_DOCUMENTATION_COMMENTS = YES;
				CLANG_WARN_EMPTY_BODY = YES;
				CLANG_WARN_ENUM_CONVERSION = YES;
				CLANG_WARN_INFINITE_RECURSION = YES;
				CLANG_WARN_INT_CONVERSION = YES;
				CLANG_WARN_NON_LITERAL_NULL_CONVERSION = YES;
				CLANG_WARN_OBJC_IMPLICIT_RETAIN_SELF = YES;
				CLANG_WARN_OBJC_LITERAL_CONVERSION = YES;
				CLANG_WARN_OBJC_ROOT_CLASS = YES_ERROR;
				CLANG_WARN_QUOTED_INCLUDE_IN_FRAMEWORK_HEADER = YES;
				CLANG_WARN_RANGE_LOOP_ANALYSIS = YES;
				CLANG_WARN_STRICT_PROTOTYPES = YES;
				CLANG_WARN_SUSPICIOUS_MOVE = YES;
				CLANG_WARN_UNGUARDED_AVAILABILITY = YES_AGGRESSIVE;
				CLANG_WARN_UNREACHABLE_CODE = YES;
				CLANG_WARN__DUPLICATE_METHOD_MATCH = YES;
				COPY_PHASE_STRIP = NO;
				DEBUG_INFORMATION_FORMAT = dwarf;
				ENABLE_STRICT_OBJC_MSGSEND = YES;
				ENABLE_TESTABILITY = YES;
				GCC_C_LANGUAGE_STANDARD = gnu11;
				GCC_DYNAMIC_NO_PIC = NO;
				GCC_NO_COMMON_BLOCKS = YES;
				GCC_OPTIMIZATION_LEVEL = 0;
				GCC_PREPROCESSOR_DEFINITIONS = (
					"DEBUG=1",
					"$(inherited)",
				);
				GCC_WARN_64_TO_32_BIT_CONVERSION = YES;
				GCC_WARN_ABOUT_RETURN_TYPE = YES_ERROR;
				GCC_WARN_UNDECLARED_SELECTOR = YES;
				GCC_WARN_UNINITIALIZED_AUTOS = YES_AGGRESSIVE;
				GCC_WARN_UNUSED_FUNCTION = YES;
				GCC_WARN_UNUSED_VARIABLE = YES;
				IPHONEOS_DEPLOYMENT_TARGET = 15.2;
				MTL_ENABLE_DEBUG_INFO = INCLUDE_SOURCE;
				MTL_FAST_MATH = YES;
				ONLY_ACTIVE_ARCH = YES;
				SDKROOT = iphoneos;
				SWIFT_ACTIVE_COMPILATION_CONDITIONS = DEBUG;
				SWIFT_OPTIMIZATION_LEVEL = "-Onone";
			};
			name = Debug;
		};
		63C7166327ABD86A00E81C96 /* Release */ = {
			isa = XCBuildConfiguration;
			buildSettings = {
				ALWAYS_SEARCH_USER_PATHS = NO;
				CLANG_ANALYZER_NONNULL = YES;
				CLANG_ANALYZER_NUMBER_OBJECT_CONVERSION = YES_AGGRESSIVE;
				CLANG_CXX_LANGUAGE_STANDARD = "gnu++17";
				CLANG_CXX_LIBRARY = "libc++";
				CLANG_ENABLE_MODULES = YES;
				CLANG_ENABLE_OBJC_ARC = YES;
				CLANG_ENABLE_OBJC_WEAK = YES;
				CLANG_WARN_BLOCK_CAPTURE_AUTORELEASING = YES;
				CLANG_WARN_BOOL_CONVERSION = YES;
				CLANG_WARN_COMMA = YES;
				CLANG_WARN_CONSTANT_CONVERSION = YES;
				CLANG_WARN_DEPRECATED_OBJC_IMPLEMENTATIONS = YES;
				CLANG_WARN_DIRECT_OBJC_ISA_USAGE = YES_ERROR;
				CLANG_WARN_DOCUMENTATION_COMMENTS = YES;
				CLANG_WARN_EMPTY_BODY = YES;
				CLANG_WARN_ENUM_CONVERSION = YES;
				CLANG_WARN_INFINITE_RECURSION = YES;
				CLANG_WARN_INT_CONVERSION = YES;
				CLANG_WARN_NON_LITERAL_NULL_CONVERSION = YES;
				CLANG_WARN_OBJC_IMPLICIT_RETAIN_SELF = YES;
				CLANG_WARN_OBJC_LITERAL_CONVERSION = YES;
				CLANG_WARN_OBJC_ROOT_CLASS = YES_ERROR;
				CLANG_WARN_QUOTED_INCLUDE_IN_FRAMEWORK_HEADER = YES;
				CLANG_WARN_RANGE_LOOP_ANALYSIS = YES;
				CLANG_WARN_STRICT_PROTOTYPES = YES;
				CLANG_WARN_SUSPICIOUS_MOVE = YES;
				CLANG_WARN_UNGUARDED_AVAILABILITY = YES_AGGRESSIVE;
				CLANG_WARN_UNREACHABLE_CODE = YES;
				CLANG_WARN__DUPLICATE_METHOD_MATCH = YES;
				COPY_PHASE_STRIP = NO;
				DEBUG_INFORMATION_FORMAT = "dwarf-with-dsym";
				ENABLE_NS_ASSERTIONS = NO;
				ENABLE_STRICT_OBJC_MSGSEND = YES;
				GCC_C_LANGUAGE_STANDARD = gnu11;
				GCC_NO_COMMON_BLOCKS = YES;
				GCC_WARN_64_TO_32_BIT_CONVERSION = YES;
				GCC_WARN_ABOUT_RETURN_TYPE = YES_ERROR;
				GCC_WARN_UNDECLARED_SELECTOR = YES;
				GCC_WARN_UNINITIALIZED_AUTOS = YES_AGGRESSIVE;
				GCC_WARN_UNUSED_FUNCTION = YES;
				GCC_WARN_UNUSED_VARIABLE = YES;
				IPHONEOS_DEPLOYMENT_TARGET = 15.2;
				MTL_ENABLE_DEBUG_INFO = NO;
				MTL_FAST_MATH = YES;
				SDKROOT = iphoneos;
				SWIFT_COMPILATION_MODE = wholemodule;
				SWIFT_OPTIMIZATION_LEVEL = "-O";
				VALIDATE_PRODUCT = YES;
			};
			name = Release;
		};
		63C7166527ABD86A00E81C96 /* Debug */ = {
			isa = XCBuildConfiguration;
			buildSettings = {
				ASSETCATALOG_COMPILER_APPICON_NAME = AppIcon;
				ASSETCATALOG_COMPILER_GLOBAL_ACCENT_COLOR_NAME = AccentColor;
				CODE_SIGN_STYLE = Automatic;
				CURRENT_PROJECT_VERSION = 1;
				GENERATE_INFOPLIST_FILE = YES;
				INFOPLIST_FILE = cokbolumlutableview/Info.plist;
				INFOPLIST_KEY_UIApplicationSupportsIndirectInputEvents = YES;
				INFOPLIST_KEY_UILaunchStoryboardName = LaunchScreen;
				INFOPLIST_KEY_UIMainStoryboardFile = Main;
				INFOPLIST_KEY_UISupportedInterfaceOrientations_iPad = "UIInterfaceOrientationPortrait UIInterfaceOrientationPortraitUpsideDown UIInterfaceOrientationLandscapeLeft UIInterfaceOrientationLandscapeRight";
				INFOPLIST_KEY_UISupportedInterfaceOrientations_iPhone = "UIInterfaceOrientationPortrait UIInterfaceOrientationLandscapeLeft UIInterfaceOrientationLandscapeRight";
				LD_RUNPATH_SEARCH_PATHS = (
					"$(inherited)",
					"@executable_path/Frameworks",
				);
				MARKETING_VERSION = 1.0;
				PRODUCT_BUNDLE_IDENTIFIER = infosayitahimn.cokbolumlutableview;
				PRODUCT_NAME = "$(TARGET_NAME)";
				SWIFT_EMIT_LOC_STRINGS = YES;
				SWIFT_VERSION = 5.0;
				TARGETED_DEVICE_FAMILY = "1,2";
			};
			name = Debug;
		};
		63C7166627ABD86A00E81C96 /* Release */ = {
			isa = XCBuildConfiguration;
			buildSettings = {
				ASSETCATALOG_COMPILER_APPICON_NAME = AppIcon;
				ASSETCATALOG_COMPILER_GLOBAL_ACCENT_COLOR_NAME = AccentColor;
				CODE_SIGN_STYLE = Automatic;
				CURRENT_PROJECT_VERSION = 1;
				GENERATE_INFOPLIST_FILE = YES;
				INFOPLIST_FILE = cokbolumlutableview/Info.plist;
				INFOPLIST_KEY_UIApplicationSupportsIndirectInputEvents = YES;
				INFOPLIST_KEY_UILaunchStoryboardName = LaunchScreen;
				INFOPLIST_KEY_UIMainStoryboardFile = Main;
				INFOPLIST_KEY_UISupportedInterfaceOrientations_iPad = "UIInterfaceOrientationPortrait UIInterfaceOrientationPortraitUpsideDown UIInterfaceOrientationLandscapeLeft UIInterfaceOrientationLandscapeRight";
				INFOPLIST_KEY_UISupportedInterfaceOrientations_iPhone = "UIInterfaceOrientationPortrait UIInterfaceOrientationLandscapeLeft UIInterfaceOrientationLandscapeRight";
				LD_RUNPATH_SEARCH_PATHS = (
					"$(inherited)",
					"@executable_path/Frameworks",
				);
				MARKETING_VERSION = 1.0;
				PRODUCT_BUNDLE_IDENTIFIER = infosayitahimn.cokbolumlutableview;
				PRODUCT_NAME = "$(TARGET_NAME)";
				SWIFT_EMIT_LOC_STRINGS = YES;
				SWIFT_VERSION = 5.0;
				TARGETED_DEVICE_FAMILY = "1,2";
			};
			name = Release;
		};
		63C7166827ABD86A00E81C96 /* Debug */ = {
			isa = XCBuildConfiguration;
			buildSettings = {
				ALWAYS_EMBED_SWIFT_STANDARD_LIBRARIES = YES;
				BUNDLE_LOADER = "$(TEST_HOST)";
				CODE_SIGN_STYLE = Automatic;
				CURRENT_PROJECT_VERSION = 1;
				GENERATE_INFOPLIST_FILE = YES;
				IPHONEOS_DEPLOYMENT_TARGET = 15.2;
				MARKETING_VERSION = 1.0;
				PRODUCT_BUNDLE_IDENTIFIER = infosayitahimn.cokbolumlutableviewTests;
				PRODUCT_NAME = "$(TARGET_NAME)";
				SWIFT_EMIT_LOC_STRINGS = NO;
				SWIFT_VERSION = 5.0;
				TARGETED_DEVICE_FAMILY = "1,2";
				TEST_HOST = "$(BUILT_PRODUCTS_DIR)/cokbolumlutableview.app/cokbolumlutableview";
			};
			name = Debug;
		};
		63C7166927ABD86A00E81C96 /* Release */ = {
			isa = XCBuildConfiguration;
			buildSettings = {
				ALWAYS_EMBED_SWIFT_STANDARD_LIBRARIES = YES;
				BUNDLE_LOADER = "$(TEST_HOST)";
				CODE_SIGN_STYLE = Automatic;
				CURRENT_PROJECT_VERSION = 1;
				GENERATE_INFOPLIST_FILE = YES;
				IPHONEOS_DEPLOYMENT_TARGET = 15.2;
				MARKETING_VERSION = 1.0;
				PRODUCT_BUNDLE_IDENTIFIER = infosayitahimn.cokbolumlutableviewTests;
				PRODUCT_NAME = "$(TARGET_NAME)";
				SWIFT_EMIT_LOC_STRINGS = NO;
				SWIFT_VERSION = 5.0;
				TARGETED_DEVICE_FAMILY = "1,2";
				TEST_HOST = "$(BUILT_PRODUCTS_DIR)/cokbolumlutableview.app/cokbolumlutableview";
			};
			name = Release;
		};
		63C7166B27ABD86A00E81C96 /* Debug */ = {
			isa = XCBuildConfiguration;
			buildSettings = {
				ALWAYS_EMBED_SWIFT_STANDARD_LIBRARIES = YES;
				CODE_SIGN_STYLE = Automatic;
				CURRENT_PROJECT_VERSION = 1;
				GENERATE_INFOPLIST_FILE = YES;
				MARKETING_VERSION = 1.0;
				PRODUCT_BUNDLE_IDENTIFIER = infosayitahimn.cokbolumlutableviewUITests;
				PRODUCT_NAME = "$(TARGET_NAME)";
				SWIFT_EMIT_LOC_STRINGS = NO;
				SWIFT_VERSION = 5.0;
				TARGETED_DEVICE_FAMILY = "1,2";
				TEST_TARGET_NAME = cokbolumlutableview;
			};
			name = Debug;
		};
		63C7166C27ABD86A00E81C96 /* Release */ = {
			isa = XCBuildConfiguration;
			buildSettings = {
				ALWAYS_EMBED_SWIFT_STANDARD_LIBRARIES = YES;
				CODE_SIGN_STYLE = Automatic;
				CURRENT_PROJECT_VERSION = 1;
				GENERATE_INFOPLIST_FILE = YES;
				MARKETING_VERSION = 1.0;
				PRODUCT_BUNDLE_IDENTIFIER = infosayitahimn.cokbolumlutableviewUITests;
				PRODUCT_NAME = "$(TARGET_NAME)";
				SWIFT_EMIT_LOC_STRINGS = NO;
				SWIFT_VERSION = 5.0;
				TARGETED_DEVICE_FAMILY = "1,2";
				TEST_TARGET_NAME = cokbolumlutableview;
			};
			name = Release;
		};
/* End XCBuildConfiguration section */

/* Begin XCConfigurationList section */
		63C7163527ABD86800E81C96 /* Build configuration list for PBXProject "cokbolumlutableview" */ = {
			isa = XCConfigurationList;
			buildConfigurations = (
				63C7166227ABD86A00E81C96 /* Debug */,
				63C7166327ABD86A00E81C96 /* Release */,
			);
			defaultConfigurationIsVisible = 0;
			defaultConfigurationName = Release;
		};
		63C7166427ABD86A00E81C96 /* Build configuration list for PBXNativeTarget "cokbolumlutableview" */ = {
			isa = XCConfigurationList;
			buildConfigurations = (
				63C7166527ABD86A00E81C96 /* Debug */,
				63C7166627ABD86A00E81C96 /* Release */,
			);
			defaultConfigurationIsVisible = 0;
			defaultConfigurationName = Release;
		};
		63C7166727ABD86A00E81C96 /* Build configuration list for PBXNativeTarget "cokbolumlutableviewTests" */ = {
			isa = XCConfigurationList;
			buildConfigurations = (
				63C7166827ABD86A00E81C96 /* Debug */,
				63C7166927ABD86A00E81C96 /* Release */,
			);
			defaultConfigurationIsVisible = 0;
			defaultConfigurationName = Release;
		};
		63C7166A27ABD86A00E81C96 /* Build configuration list for PBXNativeTarget "cokbolumlutableviewUITests" */ = {
			isa = XCConfigurationList;
			buildConfigurations = (
				63C7166B27ABD86A00E81C96 /* Debug */,
				63C7166C27ABD86A00E81C96 /* Release */,
			);
			defaultConfigurationIsVisible = 0;
			defaultConfigurationName = Release;
		};
/* End XCConfigurationList section */
	};
	rootObject = 63C7163227ABD86800E81C96 /* Project object */;
}
