// !$*UTF8*$!
{
	archiveVersion = 1;
	classes = {
	};
	objectVersion = 55;
	objects = {

/* Begin PBXBuildFile section */
		63B9C08727C8CAED00C0129C /* AppDelegate.swift in Sources */ = {isa = PBXBuildFile; fileRef = 63B9C08627C8CAED00C0129C /* AppDelegate.swift */; };
		63B9C08927C8CAED00C0129C /* SceneDelegate.swift in Sources */ = {isa = PBXBuildFile; fileRef = 63B9C08827C8CAED00C0129C /* SceneDelegate.swift */; };
		63B9C08B27C8CAED00C0129C /* ViewController.swift in Sources */ = {isa = PBXBuildFile; fileRef = 63B9C08A27C8CAED00C0129C /* ViewController.swift */; };
		63B9C08E27C8CAED00C0129C /* Main.storyboard in Resources */ = {isa = PBXBuildFile; fileRef = 63B9C08C27C8CAED00C0129C /* Main.storyboard */; };
		63B9C09027C8CAF000C0129C /* Assets.xcassets in Resources */ = {isa = PBXBuildFile; fileRef = 63B9C08F27C8CAF000C0129C /* Assets.xcassets */; };
		63B9C09327C8CAF000C0129C /* LaunchScreen.storyboard in Resources */ = {isa = PBXBuildFile; fileRef = 63B9C09127C8CAF000C0129C /* LaunchScreen.storyboard */; };
		63B9C09E27C8CAF000C0129C /* SearchBarTableViewTests.swift in Sources */ = {isa = PBXBuildFile; fileRef = 63B9C09D27C8CAF000C0129C /* SearchBarTableViewTests.swift */; };
		63B9C0A827C8CAF000C0129C /* SearchBarTableViewUITests.swift in Sources */ = {isa = PBXBuildFile; fileRef = 63B9C0A727C8CAF000C0129C /* SearchBarTableViewUITests.swift */; };
		63B9C0AA27C8CAF000C0129C /* SearchBarTableViewUITestsLaunchTests.swift in Sources */ = {isa = PBXBuildFile; fileRef = 63B9C0A927C8CAF000C0129C /* SearchBarTableViewUITestsLaunchTests.swift */; };
/* End PBXBuildFile section */

/* Begin PBXContainerItemProxy section */
		63B9C09A27C8CAF000C0129C /* PBXContainerItemProxy */ = {
			isa = PBXContainerItemProxy;
			containerPortal = 63B9C07B27C8CAED00C0129C /* Project object */;
			proxyType = 1;
			remoteGlobalIDString = 63B9C08227C8CAED00C0129C;
			remoteInfo = SearchBarTableView;
		};
		63B9C0A427C8CAF000C0129C /* PBXContainerItemProxy */ = {
			isa = PBXContainerItemProxy;
			containerPortal = 63B9C07B27C8CAED00C0129C /* Project object */;
			proxyType = 1;
			remoteGlobalIDString = 63B9C08227C8CAED00C0129C;
			remoteInfo = SearchBarTableView;
		};
/* End PBXContainerItemProxy section */

/* Begin PBXFileReference section */
		63B9C08327C8CAED00C0129C /* SearchBarTableView.app */ = {isa = PBXFileReference; explicitFileType = wrapper.application; includeInIndex = 0; path = SearchBarTableView.app; sourceTree = BUILT_PRODUCTS_DIR; };
		63B9C08627C8CAED00C0129C /* AppDelegate.swift */ = {isa = PBXFileReference; lastKnownFileType = sourcecode.swift; path = AppDelegate.swift; sourceTree = "<group>"; };
		63B9C08827C8CAED00C0129C /* SceneDelegate.swift */ = {isa = PBXFileReference; lastKnownFileType = sourcecode.swift; path = SceneDelegate.swift; sourceTree = "<group>"; };
		63B9C08A27C8CAED00C0129C /* ViewController.swift */ = {isa = PBXFileReference; lastKnownFileType = sourcecode.swift; path = ViewController.swift; sourceTree = "<group>"; };
		63B9C08D27C8CAED00C0129C /* Base */ = {isa = PBXFileReference; lastKnownFileType = file.storyboard; name = Base; path = Base.lproj/Main.storyboard; sourceTree = "<group>"; };
		63B9C08F27C8CAF000C0129C /* Assets.xcassets */ = {isa = PBXFileReference; lastKnownFileType = folder.assetcatalog; path = Assets.xcassets; sourceTree = "<group>"; };
		63B9C09227C8CAF000C0129C /* Base */ = {isa = PBXFileReference; lastKnownFileType = file.storyboard; name = Base; path = Base.lproj/LaunchScreen.storyboard; sourceTree = "<group>"; };
		63B9C09427C8CAF000C0129C /* Info.plist */ = {isa = PBXFileReference; lastKnownFileType = text.plist.xml; path = Info.plist; sourceTree = "<group>"; };
		63B9C09927C8CAF000C0129C /* SearchBarTableViewTests.xctest */ = {isa = PBXFileReference; explicitFileType = wrapper.cfbundle; includeInIndex = 0; path = SearchBarTableViewTests.xctest; sourceTree = BUILT_PRODUCTS_DIR; };
		63B9C09D27C8CAF000C0129C /* SearchBarTableViewTests.swift */ = {isa = PBXFileReference; lastKnownFileType = sourcecode.swift; path = SearchBarTableViewTests.swift; sourceTree = "<group>"; };
		63B9C0A327C8CAF000C0129C /* SearchBarTableViewUITests.xctest */ = {isa = PBXFileReference; explicitFileType = wrapper.cfbundle; includeInIndex = 0; path = SearchBarTableViewUITests.xctest; sourceTree = BUILT_PRODUCTS_DIR; };
		63B9C0A727C8CAF000C0129C /* SearchBarTableViewUITests.swift */ = {isa = PBXFileReference; lastKnownFileType = sourcecode.swift; path = SearchBarTableViewUITests.swift; sourceTree = "<group>"; };
		63B9C0A927C8CAF000C0129C /* SearchBarTableViewUITestsLaunchTests.swift */ = {isa = PBXFileReference; lastKnownFileType = sourcecode.swift; path = SearchBarTableViewUITestsLaunchTests.swift; sourceTree = "<group>"; };
/* End PBXFileReference section */

/* Begin PBXFrameworksBuildPhase section */
		63B9C08027C8CAED00C0129C /* Frameworks */ = {
			isa = PBXFrameworksBuildPhase;
			buildActionMask = 2147483647;
			files = (
			);
			runOnlyForDeploymentPostprocessing = 0;
		};
		63B9C09627C8CAF000C0129C /* Frameworks */ = {
			isa = PBXFrameworksBuildPhase;
			buildActionMask = 2147483647;
			files = (
			);
			runOnlyForDeploymentPostprocessing = 0;
		};
		63B9C0A027C8CAF000C0129C /* Frameworks */ = {
			isa = PBXFrameworksBuildPhase;
			buildActionMask = 2147483647;
			files = (
			);
			runOnlyForDeploymentPostprocessing = 0;
		};
/* End PBXFrameworksBuildPhase section */

/* Begin PBXGroup section */
		63B9C07A27C8CAED00C0129C = {
			isa = PBXGroup;
			children = (
				63B9C08527C8CAED00C0129C /* SearchBarTableView */,
				63B9C09C27C8CAF000C0129C /* SearchBarTableViewTests */,
				63B9C0A627C8CAF000C0129C /* SearchBarTableViewUITests */,
				63B9C08427C8CAED00C0129C /* Products */,
			);
			sourceTree = "<group>";
		};
		63B9C08427C8CAED00C0129C /* Products */ = {
			isa = PBXGroup;
			children = (
				63B9C08327C8CAED00C0129C /* SearchBarTableView.app */,
				63B9C09927C8CAF000C0129C /* SearchBarTableViewTests.xctest */,
				63B9C0A327C8CAF000C0129C /* SearchBarTableViewUITests.xctest */,
			);
			name = Products;
			sourceTree = "<group>";
		};
		63B9C08527C8CAED00C0129C /* SearchBarTableView */ = {
			isa = PBXGroup;
			children = (
				63B9C08627C8CAED00C0129C /* AppDelegate.swift */,
				63B9C08827C8CAED00C0129C /* SceneDelegate.swift */,
				63B9C08A27C8CAED00C0129C /* ViewController.swift */,
				63B9C08C27C8CAED00C0129C /* Main.storyboard */,
				63B9C08F27C8CAF000C0129C /* Assets.xcassets */,
				63B9C09127C8CAF000C0129C /* LaunchScreen.storyboard */,
				63B9C09427C8CAF000C0129C /* Info.plist */,
			);
			path = SearchBarTableView;
			sourceTree = "<group>";
		};
		63B9C09C27C8CAF000C0129C /* SearchBarTableViewTests */ = {
			isa = PBXGroup;
			children = (
				63B9C09D27C8CAF000C0129C /* SearchBarTableViewTests.swift */,
			);
			path = SearchBarTableViewTests;
			sourceTree = "<group>";
		};
		63B9C0A627C8CAF000C0129C /* SearchBarTableViewUITests */ = {
			isa = PBXGroup;
			children = (
				63B9C0A727C8CAF000C0129C /* SearchBarTableViewUITests.swift */,
				63B9C0A927C8CAF000C0129C /* SearchBarTableViewUITestsLaunchTests.swift */,
			);
			path = SearchBarTableViewUITests;
			sourceTree = "<group>";
		};
/* End PBXGroup section */

/* Begin PBXNativeTarget section */
		63B9C08227C8CAED00C0129C /* SearchBarTableView */ = {
			isa = PBXNativeTarget;
			buildConfigurationList = 63B9C0AD27C8CAF000C0129C /* Build configuration list for PBXNativeTarget "SearchBarTableView" */;
			buildPhases = (
				63B9C07F27C8CAED00C0129C /* Sources */,
				63B9C08027C8CAED00C0129C /* Frameworks */,
				63B9C08127C8CAED00C0129C /* Resources */,
			);
			buildRules = (
			);
			dependencies = (
			);
			name = SearchBarTableView;
			productName = SearchBarTableView;
			productReference = 63B9C08327C8CAED00C0129C /* SearchBarTableView.app */;
			productType = "com.apple.product-type.application";
		};
		63B9C09827C8CAF000C0129C /* SearchBarTableViewTests */ = {
			isa = PBXNativeTarget;
			buildConfigurationList = 63B9C0B027C8CAF000C0129C /* Build configuration list for PBXNativeTarget "SearchBarTableViewTests" */;
			buildPhases = (
				63B9C09527C8CAF000C0129C /* Sources */,
				63B9C09627C8CAF000C0129C /* Frameworks */,
				63B9C09727C8CAF000C0129C /* Resources */,
			);
			buildRules = (
			);
			dependencies = (
				63B9C09B27C8CAF000C0129C /* PBXTargetDependency */,
			);
			name = SearchBarTableViewTests;
			productName = SearchBarTableViewTests;
			productReference = 63B9C09927C8CAF000C0129C /* SearchBarTableViewTests.xctest */;
			productType = "com.apple.product-type.bundle.unit-test";
		};
		63B9C0A227C8CAF000C0129C /* SearchBarTableViewUITests */ = {
			isa = PBXNativeTarget;
			buildConfigurationList = 63B9C0B327C8CAF000C0129C /* Build configuration list for PBXNativeTarget "SearchBarTableViewUITests" */;
			buildPhases = (
				63B9C09F27C8CAF000C0129C /* Sources */,
				63B9C0A027C8CAF000C0129C /* Frameworks */,
				63B9C0A127C8CAF000C0129C /* Resources */,
			);
			buildRules = (
			);
			dependencies = (
				63B9C0A527C8CAF000C0129C /* PBXTargetDependency */,
			);
			name = SearchBarTableViewUITests;
			productName = SearchBarTableViewUITests;
			productReference = 63B9C0A327C8CAF000C0129C /* SearchBarTableViewUITests.xctest */;
			productType = "com.apple.product-type.bundle.ui-testing";
		};
/* End PBXNativeTarget section */

/* Begin PBXProject section */
		63B9C07B27C8CAED00C0129C /* Project object */ = {
			isa = PBXProject;
			attributes = {
				BuildIndependentTargetsInParallel = 1;
				LastSwiftUpdateCheck = 1320;
				LastUpgradeCheck = 1320;
				TargetAttributes = {
					63B9C08227C8CAED00C0129C = {
						CreatedOnToolsVersion = 13.2.1;
					};
					63B9C09827C8CAF000C0129C = {
						CreatedOnToolsVersion = 13.2.1;
						TestTargetID = 63B9C08227C8CAED00C0129C;
					};
					63B9C0A227C8CAF000C0129C = {
						CreatedOnToolsVersion = 13.2.1;
						TestTargetID = 63B9C08227C8CAED00C0129C;
					};
				};
			};
			buildConfigurationList = 63B9C07E27C8CAED00C0129C /* Build configuration list for PBXProject "SearchBarTableView" */;
			compatibilityVersion = "Xcode 13.0";
			developmentRegion = en;
			hasScannedForEncodings = 0;
			knownRegions = (
				en,
				Base,
			);
			mainGroup = 63B9C07A27C8CAED00C0129C;
			productRefGroup = 63B9C08427C8CAED00C0129C /* Products */;
			projectDirPath = "";
			projectRoot = "";
			targets = (
				63B9C08227C8CAED00C0129C /* SearchBarTableView */,
				63B9C09827C8CAF000C0129C /* SearchBarTableViewTests */,
				63B9C0A227C8CAF000C0129C /* SearchBarTableViewUITests */,
			);
		};
/* End PBXProject section */

/* Begin PBXResourcesBuildPhase section */
		63B9C08127C8CAED00C0129C /* Resources */ = {
			isa = PBXResourcesBuildPhase;
			buildActionMask = 2147483647;
			files = (
				63B9C09327C8CAF000C0129C /* LaunchScreen.storyboard in Resources */,
				63B9C09027C8CAF000C0129C /* Assets.xcassets in Resources */,
				63B9C08E27C8CAED00C0129C /* Main.storyboard in Resources */,
			);
			runOnlyForDeploymentPostprocessing = 0;
		};
		63B9C09727C8CAF000C0129C /* Resources */ = {
			isa = PBXResourcesBuildPhase;
			buildActionMask = 2147483647;
			files = (
			);
			runOnlyForDeploymentPostprocessing = 0;
		};
		63B9C0A127C8CAF000C0129C /* Resources */ = {
			isa = PBXResourcesBuildPhase;
			buildActionMask = 2147483647;
			files = (
			);
			runOnlyForDeploymentPostprocessing = 0;
		};
/* End PBXResourcesBuildPhase section */

/* Begin PBXSourcesBuildPhase section */
		63B9C07F27C8CAED00C0129C /* Sources */ = {
			isa = PBXSourcesBuildPhase;
			buildActionMask = 2147483647;
			files = (
				63B9C08B27C8CAED00C0129C /* ViewController.swift in Sources */,
				63B9C08727C8CAED00C0129C /* AppDelegate.swift in Sources */,
				63B9C08927C8CAED00C0129C /* SceneDelegate.swift in Sources */,
			);
			runOnlyForDeploymentPostprocessing = 0;
		};
		63B9C09527C8CAF000C0129C /* Sources */ = {
			isa = PBXSourcesBuildPhase;
			buildActionMask = 2147483647;
			files = (
				63B9C09E27C8CAF000C0129C /* SearchBarTableViewTests.swift in Sources */,
			);
			runOnlyForDeploymentPostprocessing = 0;
		};
		63B9C09F27C8CAF000C0129C /* Sources */ = {
			isa = PBXSourcesBuildPhase;
			buildActionMask = 2147483647;
			files = (
				63B9C0AA27C8CAF000C0129C /* SearchBarTableViewUITestsLaunchTests.swift in Sources */,
				63B9C0A827C8CAF000C0129C /* SearchBarTableViewUITests.swift in Sources */,
			);
			runOnlyForDeploymentPostprocessing = 0;
		};
/* End PBXSourcesBuildPhase section */

/* Begin PBXTargetDependency section */
		63B9C09B27C8CAF000C0129C /* PBXTargetDependency */ = {
			isa = PBXTargetDependency;
			target = 63B9C08227C8CAED00C0129C /* SearchBarTableView */;
			targetProxy = 63B9C09A27C8CAF000C0129C /* PBXContainerItemProxy */;
		};
		63B9C0A527C8CAF000C0129C /* PBXTargetDependency */ = {
			isa = PBXTargetDependency;
			target = 63B9C08227C8CAED00C0129C /* SearchBarTableView */;
			targetProxy = 63B9C0A427C8CAF000C0129C /* PBXContainerItemProxy */;
		};
/* End PBXTargetDependency section */

/* Begin PBXVariantGroup section */
		63B9C08C27C8CAED00C0129C /* Main.storyboard */ = {
			isa = PBXVariantGroup;
			children = (
				63B9C08D27C8CAED00C0129C /* Base */,
			);
			name = Main.storyboard;
			sourceTree = "<group>";
		};
		63B9C09127C8CAF000C0129C /* LaunchScreen.storyboard */ = {
			isa = PBXVariantGroup;
			children = (
				63B9C09227C8CAF000C0129C /* Base */,
			);
			name = LaunchScreen.storyboard;
			sourceTree = "<group>";
		};
/* End PBXVariantGroup section */

/* Begin XCBuildConfiguration section */
		63B9C0AB27C8CAF000C0129C /* Debug */ = {
			isa = XCBuildConfiguration;
			buildSettings = {
				ALWAYS_SEARCH_USER_PATHS = NO;
				CLANG_ANALYZER_NONNULL = YES;
				CLANG_ANALYZER_NUMBER_OBJECT_CONVERSION = YES_AGGRESSIVE;
				CLANG_CXX_LANGUAGE_STANDARD = "gnu++17";
				CLANG_CXX_LIBRARY = "libc++";
				CLANG_ENABLE_MODULES = YES;
				CLANG_ENABLE_OBJC_ARC = YES;
				CLANG_ENABLE_OBJC_WEAK = YES;
				CLANG_WARN_BLOCK_CAPTURE_AUTORELEASING = YES;
				CLANG_WARN_BOOL_CONVERSION = YES;
				CLANG_WARN_COMMA = YES;
				CLANG_WARN_CONSTANT_CONVERSION = YES;
				CLANG_WARN_DEPRECATED_OBJC_IMPLEMENTATIONS = YES;
				CLANG_WARN_DIRECT_OBJC_ISA_USAGE = YES_ERROR;
				CLANG_WARN_DOCUMENTATION_COMMENTS = YES;
				CLANG_WARN_EMPTY_BODY = YES;
				CLANG_WARN_ENUM_CONVERSION = YES;
				CLANG_WARN_INFINITE_RECURSION = YES;
				CLANG_WARN_INT_CONVERSION = YES;
				CLANG_WARN_NON_LITERAL_NULL_CONVERSION = YES;
				CLANG_WARN_OBJC_IMPLICIT_RETAIN_SELF = YES;
				CLANG_WARN_OBJC_LITERAL_CONVERSION = YES;
				CLANG_WARN_OBJC_ROOT_CLASS = YES_ERROR;
				CLANG_WARN_QUOTED_INCLUDE_IN_FRAMEWORK_HEADER = YES;
				CLANG_WARN_RANGE_LOOP_ANALYSIS = YES;
				CLANG_WARN_STRICT_PROTOTYPES = YES;
				CLANG_WARN_SUSPICIOUS_MOVE = YES;
				CLANG_WARN_UNGUARDED_AVAILABILITY = YES_AGGRESSIVE;
				CLANG_WARN_UNREACHABLE_CODE = YES;
				CLANG_WARN__DUPLICATE_METHOD_MATCH = YES;
				COPY_PHASE_STRIP = NO;
				DEBUG_INFORMATION_FORMAT = dwarf;
				ENABLE_STRICT_OBJC_MSGSEND = YES;
				ENABLE_TESTABILITY = YES;
				GCC_C_LANGUAGE_STANDARD = gnu11;
				GCC_DYNAMIC_NO_PIC = NO;
				GCC_NO_COMMON_BLOCKS = YES;
				GCC_OPTIMIZATION_LEVEL = 0;
				GCC_PREPROCESSOR_DEFINITIONS = (
					"DEBUG=1",
					"$(inherited)",
				);
				GCC_WARN_64_TO_32_BIT_CONVERSION = YES;
				GCC_WARN_ABOUT_RETURN_TYPE = YES_ERROR;
				GCC_WARN_UNDECLARED_SELECTOR = YES;
				GCC_WARN_UNINITIALIZED_AUTOS = YES_AGGRESSIVE;
				GCC_WARN_UNUSED_FUNCTION = YES;
				GCC_WARN_UNUSED_VARIABLE = YES;
				IPHONEOS_DEPLOYMENT_TARGET = 15.2;
				MTL_ENABLE_DEBUG_INFO = INCLUDE_SOURCE;
				MTL_FAST_MATH = YES;
				ONLY_ACTIVE_ARCH = YES;
				SDKROOT = iphoneos;
				SWIFT_ACTIVE_COMPILATION_CONDITIONS = DEBUG;
				SWIFT_OPTIMIZATION_LEVEL = "-Onone";
			};
			name = Debug;
		};
		63B9C0AC27C8CAF000C0129C /* Release */ = {
			isa = XCBuildConfiguration;
			buildSettings = {
				ALWAYS_SEARCH_USER_PATHS = NO;
				CLANG_ANALYZER_NONNULL = YES;
				CLANG_ANALYZER_NUMBER_OBJECT_CONVERSION = YES_AGGRESSIVE;
				CLANG_CXX_LANGUAGE_STANDARD = "gnu++17";
				CLANG_CXX_LIBRARY = "libc++";
				CLANG_ENABLE_MODULES = YES;
				CLANG_ENABLE_OBJC_ARC = YES;
				CLANG_ENABLE_OBJC_WEAK = YES;
				CLANG_WARN_BLOCK_CAPTURE_AUTORELEASING = YES;
				CLANG_WARN_BOOL_CONVERSION = YES;
				CLANG_WARN_COMMA = YES;
				CLANG_WARN_CONSTANT_CONVERSION = YES;
				CLANG_WARN_DEPRECATED_OBJC_IMPLEMENTATIONS = YES;
				CLANG_WARN_DIRECT_OBJC_ISA_USAGE = YES_ERROR;
				CLANG_WARN_DOCUMENTATION_COMMENTS = YES;
				CLANG_WARN_EMPTY_BODY = YES;
				CLANG_WARN_ENUM_CONVERSION = YES;
				CLANG_WARN_INFINITE_RECURSION = YES;
				CLANG_WARN_INT_CONVERSION = YES;
				CLANG_WARN_NON_LITERAL_NULL_CONVERSION = YES;
				CLANG_WARN_OBJC_IMPLICIT_RETAIN_SELF = YES;
				CLANG_WARN_OBJC_LITERAL_CONVERSION = YES;
				CLANG_WARN_OBJC_ROOT_CLASS = YES_ERROR;
				CLANG_WARN_QUOTED_INCLUDE_IN_FRAMEWORK_HEADER = YES;
				CLANG_WARN_RANGE_LOOP_ANALYSIS = YES;
				CLANG_WARN_STRICT_PROTOTYPES = YES;
				CLANG_WARN_SUSPICIOUS_MOVE = YES;
				CLANG_WARN_UNGUARDED_AVAILABILITY = YES_AGGRESSIVE;
				CLANG_WARN_UNREACHABLE_CODE = YES;
				CLANG_WARN__DUPLICATE_METHOD_MATCH = YES;
				COPY_PHASE_STRIP = NO;
				DEBUG_INFORMATION_FORMAT = "dwarf-with-dsym";
				ENABLE_NS_ASSERTIONS = NO;
				ENABLE_STRICT_OBJC_MSGSEND = YES;
				GCC_C_LANGUAGE_STANDARD = gnu11;
				GCC_NO_COMMON_BLOCKS = YES;
				GCC_WARN_64_TO_32_BIT_CONVERSION = YES;
				GCC_WARN_ABOUT_RETURN_TYPE = YES_ERROR;
				GCC_WARN_UNDECLARED_SELECTOR = YES;
				GCC_WARN_UNINITIALIZED_AUTOS = YES_AGGRESSIVE;
				GCC_WARN_UNUSED_FUNCTION = YES;
				GCC_WARN_UNUSED_VARIABLE = YES;
				IPHONEOS_DEPLOYMENT_TARGET = 15.2;
				MTL_ENABLE_DEBUG_INFO = NO;
				MTL_FAST_MATH = YES;
				SDKROOT = iphoneos;
				SWIFT_COMPILATION_MODE = wholemodule;
				SWIFT_OPTIMIZATION_LEVEL = "-O";
				VALIDATE_PRODUCT = YES;
			};
			name = Release;
		};
		63B9C0AE27C8CAF000C0129C /* Debug */ = {
			isa = XCBuildConfiguration;
			buildSettings = {
				ASSETCATALOG_COMPILER_APPICON_NAME = AppIcon;
				ASSETCATALOG_COMPILER_GLOBAL_ACCENT_COLOR_NAME = AccentColor;
				CODE_SIGN_STYLE = Automatic;
				CURRENT_PROJECT_VERSION = 1;
				GENERATE_INFOPLIST_FILE = YES;
				INFOPLIST_FILE = SearchBarTableView/Info.plist;
				INFOPLIST_KEY_UIApplicationSupportsIndirectInputEvents = YES;
				INFOPLIST_KEY_UILaunchStoryboardName = LaunchScreen;
				INFOPLIST_KEY_UIMainStoryboardFile = Main;
				INFOPLIST_KEY_UISupportedInterfaceOrientations_iPad = "UIInterfaceOrientationPortrait UIInterfaceOrientationPortraitUpsideDown UIInterfaceOrientationLandscapeLeft UIInterfaceOrientationLandscapeRight";
				INFOPLIST_KEY_UISupportedInterfaceOrientations_iPhone = "UIInterfaceOrientationPortrait UIInterfaceOrientationLandscapeLeft UIInterfaceOrientationLandscapeRight";
				LD_RUNPATH_SEARCH_PATHS = (
					"$(inherited)",
					"@executable_path/Frameworks",
				);
				MARKETING_VERSION = 1.0;
				PRODUCT_BUNDLE_IDENTIFIER = info.SearchBarTableView;
				PRODUCT_NAME = "$(TARGET_NAME)";
				SWIFT_EMIT_LOC_STRINGS = YES;
				SWIFT_VERSION = 5.0;
				TARGETED_DEVICE_FAMILY = "1,2";
			};
			name = Debug;
		};
		63B9C0AF27C8CAF000C0129C /* Release */ = {
			isa = XCBuildConfiguration;
			buildSettings = {
				ASSETCATALOG_COMPILER_APPICON_NAME = AppIcon;
				ASSETCATALOG_COMPILER_GLOBAL_ACCENT_COLOR_NAME = AccentColor;
				CODE_SIGN_STYLE = Automatic;
				CURRENT_PROJECT_VERSION = 1;
				GENERATE_INFOPLIST_FILE = YES;
				INFOPLIST_FILE = SearchBarTableView/Info.plist;
				INFOPLIST_KEY_UIApplicationSupportsIndirectInputEvents = YES;
				INFOPLIST_KEY_UILaunchStoryboardName = LaunchScreen;
				INFOPLIST_KEY_UIMainStoryboardFile = Main;
				INFOPLIST_KEY_UISupportedInterfaceOrientations_iPad = "UIInterfaceOrientationPortrait UIInterfaceOrientationPortraitUpsideDown UIInterfaceOrientationLandscapeLeft UIInterfaceOrientationLandscapeRight";
				INFOPLIST_KEY_UISupportedInterfaceOrientations_iPhone = "UIInterfaceOrientationPortrait UIInterfaceOrientationLandscapeLeft UIInterfaceOrientationLandscapeRight";
				LD_RUNPATH_SEARCH_PATHS = (
					"$(inherited)",
					"@executable_path/Frameworks",
				);
				MARKETING_VERSION = 1.0;
				PRODUCT_BUNDLE_IDENTIFIER = info.SearchBarTableView;
				PRODUCT_NAME = "$(TARGET_NAME)";
				SWIFT_EMIT_LOC_STRINGS = YES;
				SWIFT_VERSION = 5.0;
				TARGETED_DEVICE_FAMILY = "1,2";
			};
			name = Release;
		};
		63B9C0B127C8CAF000C0129C /* Debug */ = {
			isa = XCBuildConfiguration;
			buildSettings = {
				ALWAYS_EMBED_SWIFT_STANDARD_LIBRARIES = YES;
				BUNDLE_LOADER = "$(TEST_HOST)";
				CODE_SIGN_STYLE = Automatic;
				CURRENT_PROJECT_VERSION = 1;
				GENERATE_INFOPLIST_FILE = YES;
				IPHONEOS_DEPLOYMENT_TARGET = 15.2;
				MARKETING_VERSION = 1.0;
				PRODUCT_BUNDLE_IDENTIFIER = info.SearchBarTableViewTests;
				PRODUCT_NAME = "$(TARGET_NAME)";
				SWIFT_EMIT_LOC_STRINGS = NO;
				SWIFT_VERSION = 5.0;
				TARGETED_DEVICE_FAMILY = "1,2";
				TEST_HOST = "$(BUILT_PRODUCTS_DIR)/SearchBarTableView.app/SearchBarTableView";
			};
			name = Debug;
		};
		63B9C0B227C8CAF000C0129C /* Release */ = {
			isa = XCBuildConfiguration;
			buildSettings = {
				ALWAYS_EMBED_SWIFT_STANDARD_LIBRARIES = YES;
				BUNDLE_LOADER = "$(TEST_HOST)";
				CODE_SIGN_STYLE = Automatic;
				CURRENT_PROJECT_VERSION = 1;
				GENERATE_INFOPLIST_FILE = YES;
				IPHONEOS_DEPLOYMENT_TARGET = 15.2;
				MARKETING_VERSION = 1.0;
				PRODUCT_BUNDLE_IDENTIFIER = info.SearchBarTableViewTests;
				PRODUCT_NAME = "$(TARGET_NAME)";
				SWIFT_EMIT_LOC_STRINGS = NO;
				SWIFT_VERSION = 5.0;
				TARGETED_DEVICE_FAMILY = "1,2";
				TEST_HOST = "$(BUILT_PRODUCTS_DIR)/SearchBarTableView.app/SearchBarTableView";
			};
			name = Release;
		};
		63B9C0B427C8CAF000C0129C /* Debug */ = {
			isa = XCBuildConfiguration;
			buildSettings = {
				ALWAYS_EMBED_SWIFT_STANDARD_LIBRARIES = YES;
				CODE_SIGN_STYLE = Automatic;
				CURRENT_PROJECT_VERSION = 1;
				GENERATE_INFOPLIST_FILE = YES;
				MARKETING_VERSION = 1.0;
				PRODUCT_BUNDLE_IDENTIFIER = info.SearchBarTableViewUITests;
				PRODUCT_NAME = "$(TARGET_NAME)";
				SWIFT_EMIT_LOC_STRINGS = NO;
				SWIFT_VERSION = 5.0;
				TARGETED_DEVICE_FAMILY = "1,2";
				TEST_TARGET_NAME = SearchBarTableView;
			};
			name = Debug;
		};
		63B9C0B527C8CAF000C0129C /* Release */ = {
			isa = XCBuildConfiguration;
			buildSettings = {
				ALWAYS_EMBED_SWIFT_STANDARD_LIBRARIES = YES;
				CODE_SIGN_STYLE = Automatic;
				CURRENT_PROJECT_VERSION = 1;
				GENERATE_INFOPLIST_FILE = YES;
				MARKETING_VERSION = 1.0;
				PRODUCT_BUNDLE_IDENTIFIER = info.SearchBarTableViewUITests;
				PRODUCT_NAME = "$(TARGET_NAME)";
				SWIFT_EMIT_LOC_STRINGS = NO;
				SWIFT_VERSION = 5.0;
				TARGETED_DEVICE_FAMILY = "1,2";
				TEST_TARGET_NAME = SearchBarTableView;
			};
			name = Release;
		};
/* End XCBuildConfiguration section */

/* Begin XCConfigurationList section */
		63B9C07E27C8CAED00C0129C /* Build configuration list for PBXProject "SearchBarTableView" */ = {
			isa = XCConfigurationList;
			buildConfigurations = (
				63B9C0AB27C8CAF000C0129C /* Debug */,
				63B9C0AC27C8CAF000C0129C /* Release */,
			);
			defaultConfigurationIsVisible = 0;
			defaultConfigurationName = Release;
		};
		63B9C0AD27C8CAF000C0129C /* Build configuration list for PBXNativeTarget "SearchBarTableView" */ = {
			isa = XCConfigurationList;
			buildConfigurations = (
				63B9C0AE27C8CAF000C0129C /* Debug */,
				63B9C0AF27C8CAF000C0129C /* Release */,
			);
			defaultConfigurationIsVisible = 0;
			defaultConfigurationName = Release;
		};
		63B9C0B027C8CAF000C0129C /* Build configuration list for PBXNativeTarget "SearchBarTableViewTests" */ = {
			isa = XCConfigurationList;
			buildConfigurations = (
				63B9C0B127C8CAF000C0129C /* Debug */,
				63B9C0B227C8CAF000C0129C /* Release */,
			);
			defaultConfigurationIsVisible = 0;
			defaultConfigurationName = Release;
		};
		63B9C0B327C8CAF000C0129C /* Build configuration list for PBXNativeTarget "SearchBarTableViewUITests" */ = {
			isa = XCConfigurationList;
			buildConfigurations = (
				63B9C0B427C8CAF000C0129C /* Debug */,
				63B9C0B527C8CAF000C0129C /* Release */,
			);
			defaultConfigurationIsVisible = 0;
			defaultConfigurationName = Release;
		};
/* End XCConfigurationList section */
	};
	rootObject = 63B9C07B27C8CAED00C0129C /* Project object */;
}
