// !$*UTF8*$!
{
	archiveVersion = 1;
	classes = {
	};
	objectVersion = 55;
	objects = {

/* Begin PBXBuildFile section */
		638E985B27B14C2B00DECDC9 /* AppDelegate.swift in Sources */ = {isa = PBXBuildFile; fileRef = 638E985A27B14C2B00DECDC9 /* AppDelegate.swift */; };
		638E985D27B14C2B00DECDC9 /* SceneDelegate.swift in Sources */ = {isa = PBXBuildFile; fileRef = 638E985C27B14C2B00DECDC9 /* SceneDelegate.swift */; };
		638E985F27B14C2B00DECDC9 /* ViewController.swift in Sources */ = {isa = PBXBuildFile; fileRef = 638E985E27B14C2B00DECDC9 /* ViewController.swift */; };
		638E986227B14C2B00DECDC9 /* Main.storyboard in Resources */ = {isa = PBXBuildFile; fileRef = 638E986027B14C2B00DECDC9 /* Main.storyboard */; };
		638E986427B14C2F00DECDC9 /* Assets.xcassets in Resources */ = {isa = PBXBuildFile; fileRef = 638E986327B14C2F00DECDC9 /* Assets.xcassets */; };
		638E986727B14C2F00DECDC9 /* LaunchScreen.storyboard in Resources */ = {isa = PBXBuildFile; fileRef = 638E986527B14C2F00DECDC9 /* LaunchScreen.storyboard */; };
		638E987227B14C2F00DECDC9 /* detayl_CollectionViewTests.swift in Sources */ = {isa = PBXBuildFile; fileRef = 638E987127B14C2F00DECDC9 /* detayl_CollectionViewTests.swift */; };
		638E987C27B14C2F00DECDC9 /* detayl_CollectionViewUITests.swift in Sources */ = {isa = PBXBuildFile; fileRef = 638E987B27B14C2F00DECDC9 /* detayl_CollectionViewUITests.swift */; };
		638E987E27B14C2F00DECDC9 /* detayl_CollectionViewUITestsLaunchTests.swift in Sources */ = {isa = PBXBuildFile; fileRef = 638E987D27B14C2F00DECDC9 /* detayl_CollectionViewUITestsLaunchTests.swift */; };
		638E988B27B14E9400DECDC9 /* CollectionViewCellFilm.swift in Sources */ = {isa = PBXBuildFile; fileRef = 638E988A27B14E9400DECDC9 /* CollectionViewCellFilm.swift */; };
		638E988D27B1503E00DECDC9 /* filmler.swift in Sources */ = {isa = PBXBuildFile; fileRef = 638E988C27B1503E00DECDC9 /* filmler.swift */; };
/* End PBXBuildFile section */

/* Begin PBXContainerItemProxy section */
		638E986E27B14C2F00DECDC9 /* PBXContainerItemProxy */ = {
			isa = PBXContainerItemProxy;
			containerPortal = 638E984F27B14C2B00DECDC9 /* Project object */;
			proxyType = 1;
			remoteGlobalIDString = 638E985627B14C2B00DECDC9;
			remoteInfo = "detaylıCollectionView";
		};
		638E987827B14C2F00DECDC9 /* PBXContainerItemProxy */ = {
			isa = PBXContainerItemProxy;
			containerPortal = 638E984F27B14C2B00DECDC9 /* Project object */;
			proxyType = 1;
			remoteGlobalIDString = 638E985627B14C2B00DECDC9;
			remoteInfo = "detaylıCollectionView";
		};
/* End PBXContainerItemProxy section */

/* Begin PBXFileReference section */
		638E985727B14C2B00DECDC9 /* detaylıCollectionView.app */ = {isa = PBXFileReference; explicitFileType = wrapper.application; includeInIndex = 0; path = "detaylıCollectionView.app"; sourceTree = BUILT_PRODUCTS_DIR; };
		638E985A27B14C2B00DECDC9 /* AppDelegate.swift */ = {isa = PBXFileReference; lastKnownFileType = sourcecode.swift; path = AppDelegate.swift; sourceTree = "<group>"; };
		638E985C27B14C2B00DECDC9 /* SceneDelegate.swift */ = {isa = PBXFileReference; lastKnownFileType = sourcecode.swift; path = SceneDelegate.swift; sourceTree = "<group>"; };
		638E985E27B14C2B00DECDC9 /* ViewController.swift */ = {isa = PBXFileReference; lastKnownFileType = sourcecode.swift; path = ViewController.swift; sourceTree = "<group>"; };
		638E986127B14C2B00DECDC9 /* Base */ = {isa = PBXFileReference; lastKnownFileType = file.storyboard; name = Base; path = Base.lproj/Main.storyboard; sourceTree = "<group>"; };
		638E986327B14C2F00DECDC9 /* Assets.xcassets */ = {isa = PBXFileReference; lastKnownFileType = folder.assetcatalog; path = Assets.xcassets; sourceTree = "<group>"; };
		638E986627B14C2F00DECDC9 /* Base */ = {isa = PBXFileReference; lastKnownFileType = file.storyboard; name = Base; path = Base.lproj/LaunchScreen.storyboard; sourceTree = "<group>"; };
		638E986827B14C2F00DECDC9 /* Info.plist */ = {isa = PBXFileReference; lastKnownFileType = text.plist.xml; path = Info.plist; sourceTree = "<group>"; };
		638E986D27B14C2F00DECDC9 /* detaylıCollectionViewTests.xctest */ = {isa = PBXFileReference; explicitFileType = wrapper.cfbundle; includeInIndex = 0; path = "detaylıCollectionViewTests.xctest"; sourceTree = BUILT_PRODUCTS_DIR; };
		638E987127B14C2F00DECDC9 /* detayl_CollectionViewTests.swift */ = {isa = PBXFileReference; lastKnownFileType = sourcecode.swift; path = detayl_CollectionViewTests.swift; sourceTree = "<group>"; };
		638E987727B14C2F00DECDC9 /* detaylıCollectionViewUITests.xctest */ = {isa = PBXFileReference; explicitFileType = wrapper.cfbundle; includeInIndex = 0; path = "detaylıCollectionViewUITests.xctest"; sourceTree = BUILT_PRODUCTS_DIR; };
		638E987B27B14C2F00DECDC9 /* detayl_CollectionViewUITests.swift */ = {isa = PBXFileReference; lastKnownFileType = sourcecode.swift; path = detayl_CollectionViewUITests.swift; sourceTree = "<group>"; };
		638E987D27B14C2F00DECDC9 /* detayl_CollectionViewUITestsLaunchTests.swift */ = {isa = PBXFileReference; lastKnownFileType = sourcecode.swift; path = detayl_CollectionViewUITestsLaunchTests.swift; sourceTree = "<group>"; };
		638E988A27B14E9400DECDC9 /* CollectionViewCellFilm.swift */ = {isa = PBXFileReference; lastKnownFileType = sourcecode.swift; path = CollectionViewCellFilm.swift; sourceTree = "<group>"; };
		638E988C27B1503E00DECDC9 /* filmler.swift */ = {isa = PBXFileReference; lastKnownFileType = sourcecode.swift; path = filmler.swift; sourceTree = "<group>"; };
/* End PBXFileReference section */

/* Begin PBXFrameworksBuildPhase section */
		638E985427B14C2B00DECDC9 /* Frameworks */ = {
			isa = PBXFrameworksBuildPhase;
			buildActionMask = 2147483647;
			files = (
			);
			runOnlyForDeploymentPostprocessing = 0;
		};
		638E986A27B14C2F00DECDC9 /* Frameworks */ = {
			isa = PBXFrameworksBuildPhase;
			buildActionMask = 2147483647;
			files = (
			);
			runOnlyForDeploymentPostprocessing = 0;
		};
		638E987427B14C2F00DECDC9 /* Frameworks */ = {
			isa = PBXFrameworksBuildPhase;
			buildActionMask = 2147483647;
			files = (
			);
			runOnlyForDeploymentPostprocessing = 0;
		};
/* End PBXFrameworksBuildPhase section */

/* Begin PBXGroup section */
		638E984E27B14C2B00DECDC9 = {
			isa = PBXGroup;
			children = (
				638E985927B14C2B00DECDC9 /* detaylıCollectionView */,
				638E987027B14C2F00DECDC9 /* detaylıCollectionViewTests */,
				638E987A27B14C2F00DECDC9 /* detaylıCollectionViewUITests */,
				638E985827B14C2B00DECDC9 /* Products */,
			);
			sourceTree = "<group>";
		};
		638E985827B14C2B00DECDC9 /* Products */ = {
			isa = PBXGroup;
			children = (
				638E985727B14C2B00DECDC9 /* detaylıCollectionView.app */,
				638E986D27B14C2F00DECDC9 /* detaylıCollectionViewTests.xctest */,
				638E987727B14C2F00DECDC9 /* detaylıCollectionViewUITests.xctest */,
			);
			name = Products;
			sourceTree = "<group>";
		};
		638E985927B14C2B00DECDC9 /* detaylıCollectionView */ = {
			isa = PBXGroup;
			children = (
				638E985A27B14C2B00DECDC9 /* AppDelegate.swift */,
				638E985C27B14C2B00DECDC9 /* SceneDelegate.swift */,
				638E985E27B14C2B00DECDC9 /* ViewController.swift */,
				638E986027B14C2B00DECDC9 /* Main.storyboard */,
				638E986327B14C2F00DECDC9 /* Assets.xcassets */,
				638E986527B14C2F00DECDC9 /* LaunchScreen.storyboard */,
				638E986827B14C2F00DECDC9 /* Info.plist */,
				638E988A27B14E9400DECDC9 /* CollectionViewCellFilm.swift */,
				638E988C27B1503E00DECDC9 /* filmler.swift */,
			);
			path = "detaylıCollectionView";
			sourceTree = "<group>";
		};
		638E987027B14C2F00DECDC9 /* detaylıCollectionViewTests */ = {
			isa = PBXGroup;
			children = (
				638E987127B14C2F00DECDC9 /* detayl_CollectionViewTests.swift */,
			);
			path = "detaylıCollectionViewTests";
			sourceTree = "<group>";
		};
		638E987A27B14C2F00DECDC9 /* detaylıCollectionViewUITests */ = {
			isa = PBXGroup;
			children = (
				638E987B27B14C2F00DECDC9 /* detayl_CollectionViewUITests.swift */,
				638E987D27B14C2F00DECDC9 /* detayl_CollectionViewUITestsLaunchTests.swift */,
			);
			path = "detaylıCollectionViewUITests";
			sourceTree = "<group>";
		};
/* End PBXGroup section */

/* Begin PBXNativeTarget section */
		638E985627B14C2B00DECDC9 /* detaylıCollectionView */ = {
			isa = PBXNativeTarget;
			buildConfigurationList = 638E988127B14C2F00DECDC9 /* Build configuration list for PBXNativeTarget "detaylıCollectionView" */;
			buildPhases = (
				638E985327B14C2B00DECDC9 /* Sources */,
				638E985427B14C2B00DECDC9 /* Frameworks */,
				638E985527B14C2B00DECDC9 /* Resources */,
			);
			buildRules = (
			);
			dependencies = (
			);
			name = "detaylıCollectionView";
			productName = "detaylıCollectionView";
			productReference = 638E985727B14C2B00DECDC9 /* detaylıCollectionView.app */;
			productType = "com.apple.product-type.application";
		};
		638E986C27B14C2F00DECDC9 /* detaylıCollectionViewTests */ = {
			isa = PBXNativeTarget;
			buildConfigurationList = 638E988427B14C2F00DECDC9 /* Build configuration list for PBXNativeTarget "detaylıCollectionViewTests" */;
			buildPhases = (
				638E986927B14C2F00DECDC9 /* Sources */,
				638E986A27B14C2F00DECDC9 /* Frameworks */,
				638E986B27B14C2F00DECDC9 /* Resources */,
			);
			buildRules = (
			);
			dependencies = (
				638E986F27B14C2F00DECDC9 /* PBXTargetDependency */,
			);
			name = "detaylıCollectionViewTests";
			productName = "detaylıCollectionViewTests";
			productReference = 638E986D27B14C2F00DECDC9 /* detaylıCollectionViewTests.xctest */;
			productType = "com.apple.product-type.bundle.unit-test";
		};
		638E987627B14C2F00DECDC9 /* detaylıCollectionViewUITests */ = {
			isa = PBXNativeTarget;
			buildConfigurationList = 638E988727B14C2F00DECDC9 /* Build configuration list for PBXNativeTarget "detaylıCollectionViewUITests" */;
			buildPhases = (
				638E987327B14C2F00DECDC9 /* Sources */,
				638E987427B14C2F00DECDC9 /* Frameworks */,
				638E987527B14C2F00DECDC9 /* Resources */,
			);
			buildRules = (
			);
			dependencies = (
				638E987927B14C2F00DECDC9 /* PBXTargetDependency */,
			);
			name = "detaylıCollectionViewUITests";
			productName = "detaylıCollectionViewUITests";
			productReference = 638E987727B14C2F00DECDC9 /* detaylıCollectionViewUITests.xctest */;
			productType = "com.apple.product-type.bundle.ui-testing";
		};
/* End PBXNativeTarget section */

/* Begin PBXProject section */
		638E984F27B14C2B00DECDC9 /* Project object */ = {
			isa = PBXProject;
			attributes = {
				BuildIndependentTargetsInParallel = 1;
				LastSwiftUpdateCheck = 1320;
				LastUpgradeCheck = 1320;
				TargetAttributes = {
					638E985627B14C2B00DECDC9 = {
						CreatedOnToolsVersion = 13.2.1;
					};
					638E986C27B14C2F00DECDC9 = {
						CreatedOnToolsVersion = 13.2.1;
						TestTargetID = 638E985627B14C2B00DECDC9;
					};
					638E987627B14C2F00DECDC9 = {
						CreatedOnToolsVersion = 13.2.1;
						TestTargetID = 638E985627B14C2B00DECDC9;
					};
				};
			};
			buildConfigurationList = 638E985227B14C2B00DECDC9 /* Build configuration list for PBXProject "detaylıCollectionView" */;
			compatibilityVersion = "Xcode 13.0";
			developmentRegion = en;
			hasScannedForEncodings = 0;
			knownRegions = (
				en,
				Base,
			);
			mainGroup = 638E984E27B14C2B00DECDC9;
			productRefGroup = 638E985827B14C2B00DECDC9 /* Products */;
			projectDirPath = "";
			projectRoot = "";
			targets = (
				638E985627B14C2B00DECDC9 /* detaylıCollectionView */,
				638E986C27B14C2F00DECDC9 /* detaylıCollectionViewTests */,
				638E987627B14C2F00DECDC9 /* detaylıCollectionViewUITests */,
			);
		};
/* End PBXProject section */

/* Begin PBXResourcesBuildPhase section */
		638E985527B14C2B00DECDC9 /* Resources */ = {
			isa = PBXResourcesBuildPhase;
			buildActionMask = 2147483647;
			files = (
				638E986727B14C2F00DECDC9 /* LaunchScreen.storyboard in Resources */,
				638E986427B14C2F00DECDC9 /* Assets.xcassets in Resources */,
				638E986227B14C2B00DECDC9 /* Main.storyboard in Resources */,
			);
			runOnlyForDeploymentPostprocessing = 0;
		};
		638E986B27B14C2F00DECDC9 /* Resources */ = {
			isa = PBXResourcesBuildPhase;
			buildActionMask = 2147483647;
			files = (
			);
			runOnlyForDeploymentPostprocessing = 0;
		};
		638E987527B14C2F00DECDC9 /* Resources */ = {
			isa = PBXResourcesBuildPhase;
			buildActionMask = 2147483647;
			files = (
			);
			runOnlyForDeploymentPostprocessing = 0;
		};
/* End PBXResourcesBuildPhase section */

/* Begin PBXSourcesBuildPhase section */
		638E985327B14C2B00DECDC9 /* Sources */ = {
			isa = PBXSourcesBuildPhase;
			buildActionMask = 2147483647;
			files = (
				638E985F27B14C2B00DECDC9 /* ViewController.swift in Sources */,
				638E985B27B14C2B00DECDC9 /* AppDelegate.swift in Sources */,
				638E988B27B14E9400DECDC9 /* CollectionViewCellFilm.swift in Sources */,
				638E985D27B14C2B00DECDC9 /* SceneDelegate.swift in Sources */,
				638E988D27B1503E00DECDC9 /* filmler.swift in Sources */,
			);
			runOnlyForDeploymentPostprocessing = 0;
		};
		638E986927B14C2F00DECDC9 /* Sources */ = {
			isa = PBXSourcesBuildPhase;
			buildActionMask = 2147483647;
			files = (
				638E987227B14C2F00DECDC9 /* detayl_CollectionViewTests.swift in Sources */,
			);
			runOnlyForDeploymentPostprocessing = 0;
		};
		638E987327B14C2F00DECDC9 /* Sources */ = {
			isa = PBXSourcesBuildPhase;
			buildActionMask = 2147483647;
			files = (
				638E987E27B14C2F00DECDC9 /* detayl_CollectionViewUITestsLaunchTests.swift in Sources */,
				638E987C27B14C2F00DECDC9 /* detayl_CollectionViewUITests.swift in Sources */,
			);
			runOnlyForDeploymentPostprocessing = 0;
		};
/* End PBXSourcesBuildPhase section */

/* Begin PBXTargetDependency section */
		638E986F27B14C2F00DECDC9 /* PBXTargetDependency */ = {
			isa = PBXTargetDependency;
			target = 638E985627B14C2B00DECDC9 /* detaylıCollectionView */;
			targetProxy = 638E986E27B14C2F00DECDC9 /* PBXContainerItemProxy */;
		};
		638E987927B14C2F00DECDC9 /* PBXTargetDependency */ = {
			isa = PBXTargetDependency;
			target = 638E985627B14C2B00DECDC9 /* detaylıCollectionView */;
			targetProxy = 638E987827B14C2F00DECDC9 /* PBXContainerItemProxy */;
		};
/* End PBXTargetDependency section */

/* Begin PBXVariantGroup section */
		638E986027B14C2B00DECDC9 /* Main.storyboard */ = {
			isa = PBXVariantGroup;
			children = (
				638E986127B14C2B00DECDC9 /* Base */,
			);
			name = Main.storyboard;
			sourceTree = "<group>";
		};
		638E986527B14C2F00DECDC9 /* LaunchScreen.storyboard */ = {
			isa = PBXVariantGroup;
			children = (
				638E986627B14C2F00DECDC9 /* Base */,
			);
			name = LaunchScreen.storyboard;
			sourceTree = "<group>";
		};
/* End PBXVariantGroup section */

/* Begin XCBuildConfiguration section */
		638E987F27B14C2F00DECDC9 /* Debug */ = {
			isa = XCBuildConfiguration;
			buildSettings = {
				ALWAYS_SEARCH_USER_PATHS = NO;
				CLANG_ANALYZER_NONNULL = YES;
				CLANG_ANALYZER_NUMBER_OBJECT_CONVERSION = YES_AGGRESSIVE;
				CLANG_CXX_LANGUAGE_STANDARD = "gnu++17";
				CLANG_CXX_LIBRARY = "libc++";
				CLANG_ENABLE_MODULES = YES;
				CLANG_ENABLE_OBJC_ARC = YES;
				CLANG_ENABLE_OBJC_WEAK = YES;
				CLANG_WARN_BLOCK_CAPTURE_AUTORELEASING = YES;
				CLANG_WARN_BOOL_CONVERSION = YES;
				CLANG_WARN_COMMA = YES;
				CLANG_WARN_CONSTANT_CONVERSION = YES;
				CLANG_WARN_DEPRECATED_OBJC_IMPLEMENTATIONS = YES;
				CLANG_WARN_DIRECT_OBJC_ISA_USAGE = YES_ERROR;
				CLANG_WARN_DOCUMENTATION_COMMENTS = YES;
				CLANG_WARN_EMPTY_BODY = YES;
				CLANG_WARN_ENUM_CONVERSION = YES;
				CLANG_WARN_INFINITE_RECURSION = YES;
				CLANG_WARN_INT_CONVERSION = YES;
				CLANG_WARN_NON_LITERAL_NULL_CONVERSION = YES;
				CLANG_WARN_OBJC_IMPLICIT_RETAIN_SELF = YES;
				CLANG_WARN_OBJC_LITERAL_CONVERSION = YES;
				CLANG_WARN_OBJC_ROOT_CLASS = YES_ERROR;
				CLANG_WARN_QUOTED_INCLUDE_IN_FRAMEWORK_HEADER = YES;
				CLANG_WARN_RANGE_LOOP_ANALYSIS = YES;
				CLANG_WARN_STRICT_PROTOTYPES = YES;
				CLANG_WARN_SUSPICIOUS_MOVE = YES;
				CLANG_WARN_UNGUARDED_AVAILABILITY = YES_AGGRESSIVE;
				CLANG_WARN_UNREACHABLE_CODE = YES;
				CLANG_WARN__DUPLICATE_METHOD_MATCH = YES;
				COPY_PHASE_STRIP = NO;
				DEBUG_INFORMATION_FORMAT = dwarf;
				ENABLE_STRICT_OBJC_MSGSEND = YES;
				ENABLE_TESTABILITY = YES;
				GCC_C_LANGUAGE_STANDARD = gnu11;
				GCC_DYNAMIC_NO_PIC = NO;
				GCC_NO_COMMON_BLOCKS = YES;
				GCC_OPTIMIZATION_LEVEL = 0;
				GCC_PREPROCESSOR_DEFINITIONS = (
					"DEBUG=1",
					"$(inherited)",
				);
				GCC_WARN_64_TO_32_BIT_CONVERSION = YES;
				GCC_WARN_ABOUT_RETURN_TYPE = YES_ERROR;
				GCC_WARN_UNDECLARED_SELECTOR = YES;
				GCC_WARN_UNINITIALIZED_AUTOS = YES_AGGRESSIVE;
				GCC_WARN_UNUSED_FUNCTION = YES;
				GCC_WARN_UNUSED_VARIABLE = YES;
				IPHONEOS_DEPLOYMENT_TARGET = 15.2;
				MTL_ENABLE_DEBUG_INFO = INCLUDE_SOURCE;
				MTL_FAST_MATH = YES;
				ONLY_ACTIVE_ARCH = YES;
				SDKROOT = iphoneos;
				SWIFT_ACTIVE_COMPILATION_CONDITIONS = DEBUG;
				SWIFT_OPTIMIZATION_LEVEL = "-Onone";
			};
			name = Debug;
		};
		638E988027B14C2F00DECDC9 /* Release */ = {
			isa = XCBuildConfiguration;
			buildSettings = {
				ALWAYS_SEARCH_USER_PATHS = NO;
				CLANG_ANALYZER_NONNULL = YES;
				CLANG_ANALYZER_NUMBER_OBJECT_CONVERSION = YES_AGGRESSIVE;
				CLANG_CXX_LANGUAGE_STANDARD = "gnu++17";
				CLANG_CXX_LIBRARY = "libc++";
				CLANG_ENABLE_MODULES = YES;
				CLANG_ENABLE_OBJC_ARC = YES;
				CLANG_ENABLE_OBJC_WEAK = YES;
				CLANG_WARN_BLOCK_CAPTURE_AUTORELEASING = YES;
				CLANG_WARN_BOOL_CONVERSION = YES;
				CLANG_WARN_COMMA = YES;
				CLANG_WARN_CONSTANT_CONVERSION = YES;
				CLANG_WARN_DEPRECATED_OBJC_IMPLEMENTATIONS = YES;
				CLANG_WARN_DIRECT_OBJC_ISA_USAGE = YES_ERROR;
				CLANG_WARN_DOCUMENTATION_COMMENTS = YES;
				CLANG_WARN_EMPTY_BODY = YES;
				CLANG_WARN_ENUM_CONVERSION = YES;
				CLANG_WARN_INFINITE_RECURSION = YES;
				CLANG_WARN_INT_CONVERSION = YES;
				CLANG_WARN_NON_LITERAL_NULL_CONVERSION = YES;
				CLANG_WARN_OBJC_IMPLICIT_RETAIN_SELF = YES;
				CLANG_WARN_OBJC_LITERAL_CONVERSION = YES;
				CLANG_WARN_OBJC_ROOT_CLASS = YES_ERROR;
				CLANG_WARN_QUOTED_INCLUDE_IN_FRAMEWORK_HEADER = YES;
				CLANG_WARN_RANGE_LOOP_ANALYSIS = YES;
				CLANG_WARN_STRICT_PROTOTYPES = YES;
				CLANG_WARN_SUSPICIOUS_MOVE = YES;
				CLANG_WARN_UNGUARDED_AVAILABILITY = YES_AGGRESSIVE;
				CLANG_WARN_UNREACHABLE_CODE = YES;
				CLANG_WARN__DUPLICATE_METHOD_MATCH = YES;
				COPY_PHASE_STRIP = NO;
				DEBUG_INFORMATION_FORMAT = "dwarf-with-dsym";
				ENABLE_NS_ASSERTIONS = NO;
				ENABLE_STRICT_OBJC_MSGSEND = YES;
				GCC_C_LANGUAGE_STANDARD = gnu11;
				GCC_NO_COMMON_BLOCKS = YES;
				GCC_WARN_64_TO_32_BIT_CONVERSION = YES;
				GCC_WARN_ABOUT_RETURN_TYPE = YES_ERROR;
				GCC_WARN_UNDECLARED_SELECTOR = YES;
				GCC_WARN_UNINITIALIZED_AUTOS = YES_AGGRESSIVE;
				GCC_WARN_UNUSED_FUNCTION = YES;
				GCC_WARN_UNUSED_VARIABLE = YES;
				IPHONEOS_DEPLOYMENT_TARGET = 15.2;
				MTL_ENABLE_DEBUG_INFO = NO;
				MTL_FAST_MATH = YES;
				SDKROOT = iphoneos;
				SWIFT_COMPILATION_MODE = wholemodule;
				SWIFT_OPTIMIZATION_LEVEL = "-O";
				VALIDATE_PRODUCT = YES;
			};
			name = Release;
		};
		638E988227B14C2F00DECDC9 /* Debug */ = {
			isa = XCBuildConfiguration;
			buildSettings = {
				ASSETCATALOG_COMPILER_APPICON_NAME = AppIcon;
				ASSETCATALOG_COMPILER_GLOBAL_ACCENT_COLOR_NAME = AccentColor;
				CODE_SIGN_STYLE = Automatic;
				CURRENT_PROJECT_VERSION = 1;
				GENERATE_INFOPLIST_FILE = YES;
				INFOPLIST_FILE = "detaylıCollectionView/Info.plist";
				INFOPLIST_KEY_UIApplicationSupportsIndirectInputEvents = YES;
				INFOPLIST_KEY_UILaunchStoryboardName = LaunchScreen;
				INFOPLIST_KEY_UIMainStoryboardFile = Main;
				INFOPLIST_KEY_UISupportedInterfaceOrientations_iPad = "UIInterfaceOrientationPortrait UIInterfaceOrientationPortraitUpsideDown UIInterfaceOrientationLandscapeLeft UIInterfaceOrientationLandscapeRight";
				INFOPLIST_KEY_UISupportedInterfaceOrientations_iPhone = "UIInterfaceOrientationPortrait UIInterfaceOrientationLandscapeLeft UIInterfaceOrientationLandscapeRight";
				LD_RUNPATH_SEARCH_PATHS = (
					"$(inherited)",
					"@executable_path/Frameworks",
				);
				MARKETING_VERSION = 1.0;
				PRODUCT_BUNDLE_IDENTIFIER = "infosayitahimn.detayl-CollectionView";
				PRODUCT_NAME = "$(TARGET_NAME)";
				SWIFT_EMIT_LOC_STRINGS = YES;
				SWIFT_VERSION = 5.0;
				TARGETED_DEVICE_FAMILY = "1,2";
			};
			name = Debug;
		};
		638E988327B14C2F00DECDC9 /* Release */ = {
			isa = XCBuildConfiguration;
			buildSettings = {
				ASSETCATALOG_COMPILER_APPICON_NAME = AppIcon;
				ASSETCATALOG_COMPILER_GLOBAL_ACCENT_COLOR_NAME = AccentColor;
				CODE_SIGN_STYLE = Automatic;
				CURRENT_PROJECT_VERSION = 1;
				GENERATE_INFOPLIST_FILE = YES;
				INFOPLIST_FILE = "detaylıCollectionView/Info.plist";
				INFOPLIST_KEY_UIApplicationSupportsIndirectInputEvents = YES;
				INFOPLIST_KEY_UILaunchStoryboardName = LaunchScreen;
				INFOPLIST_KEY_UIMainStoryboardFile = Main;
				INFOPLIST_KEY_UISupportedInterfaceOrientations_iPad = "UIInterfaceOrientationPortrait UIInterfaceOrientationPortraitUpsideDown UIInterfaceOrientationLandscapeLeft UIInterfaceOrientationLandscapeRight";
				INFOPLIST_KEY_UISupportedInterfaceOrientations_iPhone = "UIInterfaceOrientationPortrait UIInterfaceOrientationLandscapeLeft UIInterfaceOrientationLandscapeRight";
				LD_RUNPATH_SEARCH_PATHS = (
					"$(inherited)",
					"@executable_path/Frameworks",
				);
				MARKETING_VERSION = 1.0;
				PRODUCT_BUNDLE_IDENTIFIER = "infosayitahimn.detayl-CollectionView";
				PRODUCT_NAME = "$(TARGET_NAME)";
				SWIFT_EMIT_LOC_STRINGS = YES;
				SWIFT_VERSION = 5.0;
				TARGETED_DEVICE_FAMILY = "1,2";
			};
			name = Release;
		};
		638E988527B14C2F00DECDC9 /* Debug */ = {
			isa = XCBuildConfiguration;
			buildSettings = {
				ALWAYS_EMBED_SWIFT_STANDARD_LIBRARIES = YES;
				BUNDLE_LOADER = "$(TEST_HOST)";
				CODE_SIGN_STYLE = Automatic;
				CURRENT_PROJECT_VERSION = 1;
				GENERATE_INFOPLIST_FILE = YES;
				IPHONEOS_DEPLOYMENT_TARGET = 15.2;
				MARKETING_VERSION = 1.0;
				PRODUCT_BUNDLE_IDENTIFIER = "infosayitahimn.detayl-CollectionViewTests";
				PRODUCT_NAME = "$(TARGET_NAME)";
				SWIFT_EMIT_LOC_STRINGS = NO;
				SWIFT_VERSION = 5.0;
				TARGETED_DEVICE_FAMILY = "1,2";
				TEST_HOST = "$(BUILT_PRODUCTS_DIR)/detaylıCollectionView.app/detaylıCollectionView";
			};
			name = Debug;
		};
		638E988627B14C2F00DECDC9 /* Release */ = {
			isa = XCBuildConfiguration;
			buildSettings = {
				ALWAYS_EMBED_SWIFT_STANDARD_LIBRARIES = YES;
				BUNDLE_LOADER = "$(TEST_HOST)";
				CODE_SIGN_STYLE = Automatic;
				CURRENT_PROJECT_VERSION = 1;
				GENERATE_INFOPLIST_FILE = YES;
				IPHONEOS_DEPLOYMENT_TARGET = 15.2;
				MARKETING_VERSION = 1.0;
				PRODUCT_BUNDLE_IDENTIFIER = "infosayitahimn.detayl-CollectionViewTests";
				PRODUCT_NAME = "$(TARGET_NAME)";
				SWIFT_EMIT_LOC_STRINGS = NO;
				SWIFT_VERSION = 5.0;
				TARGETED_DEVICE_FAMILY = "1,2";
				TEST_HOST = "$(BUILT_PRODUCTS_DIR)/detaylıCollectionView.app/detaylıCollectionView";
			};
			name = Release;
		};
		638E988827B14C2F00DECDC9 /* Debug */ = {
			isa = XCBuildConfiguration;
			buildSettings = {
				ALWAYS_EMBED_SWIFT_STANDARD_LIBRARIES = YES;
				CODE_SIGN_STYLE = Automatic;
				CURRENT_PROJECT_VERSION = 1;
				GENERATE_INFOPLIST_FILE = YES;
				MARKETING_VERSION = 1.0;
				PRODUCT_BUNDLE_IDENTIFIER = "infosayitahimn.detayl-CollectionViewUITests";
				PRODUCT_NAME = "$(TARGET_NAME)";
				SWIFT_EMIT_LOC_STRINGS = NO;
				SWIFT_VERSION = 5.0;
				TARGETED_DEVICE_FAMILY = "1,2";
				TEST_TARGET_NAME = "detaylıCollectionView";
			};
			name = Debug;
		};
		638E988927B14C2F00DECDC9 /* Release */ = {
			isa = XCBuildConfiguration;
			buildSettings = {
				ALWAYS_EMBED_SWIFT_STANDARD_LIBRARIES = YES;
				CODE_SIGN_STYLE = Automatic;
				CURRENT_PROJECT_VERSION = 1;
				GENERATE_INFOPLIST_FILE = YES;
				MARKETING_VERSION = 1.0;
				PRODUCT_BUNDLE_IDENTIFIER = "infosayitahimn.detayl-CollectionViewUITests";
				PRODUCT_NAME = "$(TARGET_NAME)";
				SWIFT_EMIT_LOC_STRINGS = NO;
				SWIFT_VERSION = 5.0;
				TARGETED_DEVICE_FAMILY = "1,2";
				TEST_TARGET_NAME = "detaylıCollectionView";
			};
			name = Release;
		};
/* End XCBuildConfiguration section */

/* Begin XCConfigurationList section */
		638E985227B14C2B00DECDC9 /* Build configuration list for PBXProject "detaylıCollectionView" */ = {
			isa = XCConfigurationList;
			buildConfigurations = (
				638E987F27B14C2F00DECDC9 /* Debug */,
				638E988027B14C2F00DECDC9 /* Release */,
			);
			defaultConfigurationIsVisible = 0;
			defaultConfigurationName = Release;
		};
		638E988127B14C2F00DECDC9 /* Build configuration list for PBXNativeTarget "detaylıCollectionView" */ = {
			isa = XCConfigurationList;
			buildConfigurations = (
				638E988227B14C2F00DECDC9 /* Debug */,
				638E988327B14C2F00DECDC9 /* Release */,
			);
			defaultConfigurationIsVisible = 0;
			defaultConfigurationName = Release;
		};
		638E988427B14C2F00DECDC9 /* Build configuration list for PBXNativeTarget "detaylıCollectionViewTests" */ = {
			isa = XCConfigurationList;
			buildConfigurations = (
				638E988527B14C2F00DECDC9 /* Debug */,
				638E988627B14C2F00DECDC9 /* Release */,
			);
			defaultConfigurationIsVisible = 0;
			defaultConfigurationName = Release;
		};
		638E988727B14C2F00DECDC9 /* Build configuration list for PBXNativeTarget "detaylıCollectionViewUITests" */ = {
			isa = XCConfigurationList;
			buildConfigurations = (
				638E988827B14C2F00DECDC9 /* Debug */,
				638E988927B14C2F00DECDC9 /* Release */,
			);
			defaultConfigurationIsVisible = 0;
			defaultConfigurationName = Release;
		};
/* End XCConfigurationList section */
	};
	rootObject = 638E984F27B14C2B00DECDC9 /* Project object */;
}
