// !$*UTF8*$!
{
	archiveVersion = 1;
	classes = {
	};
	objectVersion = 55;
	objects = {

/* Begin PBXBuildFile section */
		63CCFCF427AAB21000CC4212 /* AppDelegate.swift in Sources */ = {isa = PBXBuildFile; fileRef = 63CCFCF327AAB21000CC4212 /* AppDelegate.swift */; };
		63CCFCF627AAB21000CC4212 /* SceneDelegate.swift in Sources */ = {isa = PBXBuildFile; fileRef = 63CCFCF527AAB21000CC4212 /* SceneDelegate.swift */; };
		63CCFCF827AAB21000CC4212 /* ViewController.swift in Sources */ = {isa = PBXBuildFile; fileRef = 63CCFCF727AAB21000CC4212 /* ViewController.swift */; };
		63CCFCFB27AAB21000CC4212 /* Main.storyboard in Resources */ = {isa = PBXBuildFile; fileRef = 63CCFCF927AAB21000CC4212 /* Main.storyboard */; };
		63CCFCFD27AAB21500CC4212 /* Assets.xcassets in Resources */ = {isa = PBXBuildFile; fileRef = 63CCFCFC27AAB21500CC4212 /* Assets.xcassets */; };
		63CCFD0027AAB21500CC4212 /* LaunchScreen.storyboard in Resources */ = {isa = PBXBuildFile; fileRef = 63CCFCFE27AAB21500CC4212 /* LaunchScreen.storyboard */; };
		63CCFD0B27AAB21500CC4212 /* coklu_table_controller_ayn__viewcontrollerTests.swift in Sources */ = {isa = PBXBuildFile; fileRef = 63CCFD0A27AAB21500CC4212 /* coklu_table_controller_ayn__viewcontrollerTests.swift */; };
		63CCFD1527AAB21500CC4212 /* coklu_table_controller_ayn__viewcontrollerUITests.swift in Sources */ = {isa = PBXBuildFile; fileRef = 63CCFD1427AAB21500CC4212 /* coklu_table_controller_ayn__viewcontrollerUITests.swift */; };
		63CCFD1727AAB21500CC4212 /* coklu_table_controller_ayn__viewcontrollerUITestsLaunchTests.swift in Sources */ = {isa = PBXBuildFile; fileRef = 63CCFD1627AAB21500CC4212 /* coklu_table_controller_ayn__viewcontrollerUITestsLaunchTests.swift */; };
/* End PBXBuildFile section */

/* Begin PBXContainerItemProxy section */
		63CCFD0727AAB21500CC4212 /* PBXContainerItemProxy */ = {
			isa = PBXContainerItemProxy;
			containerPortal = 63CCFCE827AAB21000CC4212 /* Project object */;
			proxyType = 1;
			remoteGlobalIDString = 63CCFCEF27AAB21000CC4212;
			remoteInfo = "coklu table controller aynı viewcontroller";
		};
		63CCFD1127AAB21500CC4212 /* PBXContainerItemProxy */ = {
			isa = PBXContainerItemProxy;
			containerPortal = 63CCFCE827AAB21000CC4212 /* Project object */;
			proxyType = 1;
			remoteGlobalIDString = 63CCFCEF27AAB21000CC4212;
			remoteInfo = "coklu table controller aynı viewcontroller";
		};
/* End PBXContainerItemProxy section */

/* Begin PBXFileReference section */
		63CCFCF027AAB21000CC4212 /* coklu table controller aynı viewcontroller.app */ = {isa = PBXFileReference; explicitFileType = wrapper.application; includeInIndex = 0; path = "coklu table controller aynı viewcontroller.app"; sourceTree = BUILT_PRODUCTS_DIR; };
		63CCFCF327AAB21000CC4212 /* AppDelegate.swift */ = {isa = PBXFileReference; lastKnownFileType = sourcecode.swift; path = AppDelegate.swift; sourceTree = "<group>"; };
		63CCFCF527AAB21000CC4212 /* SceneDelegate.swift */ = {isa = PBXFileReference; lastKnownFileType = sourcecode.swift; path = SceneDelegate.swift; sourceTree = "<group>"; };
		63CCFCF727AAB21000CC4212 /* ViewController.swift */ = {isa = PBXFileReference; lastKnownFileType = sourcecode.swift; path = ViewController.swift; sourceTree = "<group>"; };
		63CCFCFA27AAB21000CC4212 /* Base */ = {isa = PBXFileReference; lastKnownFileType = file.storyboard; name = Base; path = Base.lproj/Main.storyboard; sourceTree = "<group>"; };
		63CCFCFC27AAB21500CC4212 /* Assets.xcassets */ = {isa = PBXFileReference; lastKnownFileType = folder.assetcatalog; path = Assets.xcassets; sourceTree = "<group>"; };
		63CCFCFF27AAB21500CC4212 /* Base */ = {isa = PBXFileReference; lastKnownFileType = file.storyboard; name = Base; path = Base.lproj/LaunchScreen.storyboard; sourceTree = "<group>"; };
		63CCFD0127AAB21500CC4212 /* Info.plist */ = {isa = PBXFileReference; lastKnownFileType = text.plist.xml; path = Info.plist; sourceTree = "<group>"; };
		63CCFD0627AAB21500CC4212 /* coklu table controller aynı viewcontrollerTests.xctest */ = {isa = PBXFileReference; explicitFileType = wrapper.cfbundle; includeInIndex = 0; path = "coklu table controller aynı viewcontrollerTests.xctest"; sourceTree = BUILT_PRODUCTS_DIR; };
		63CCFD0A27AAB21500CC4212 /* coklu_table_controller_ayn__viewcontrollerTests.swift */ = {isa = PBXFileReference; lastKnownFileType = sourcecode.swift; path = coklu_table_controller_ayn__viewcontrollerTests.swift; sourceTree = "<group>"; };
		63CCFD1027AAB21500CC4212 /* coklu table controller aynı viewcontrollerUITests.xctest */ = {isa = PBXFileReference; explicitFileType = wrapper.cfbundle; includeInIndex = 0; path = "coklu table controller aynı viewcontrollerUITests.xctest"; sourceTree = BUILT_PRODUCTS_DIR; };
		63CCFD1427AAB21500CC4212 /* coklu_table_controller_ayn__viewcontrollerUITests.swift */ = {isa = PBXFileReference; lastKnownFileType = sourcecode.swift; path = coklu_table_controller_ayn__viewcontrollerUITests.swift; sourceTree = "<group>"; };
		63CCFD1627AAB21500CC4212 /* coklu_table_controller_ayn__viewcontrollerUITestsLaunchTests.swift */ = {isa = PBXFileReference; lastKnownFileType = sourcecode.swift; path = coklu_table_controller_ayn__viewcontrollerUITestsLaunchTests.swift; sourceTree = "<group>"; };
/* End PBXFileReference section */

/* Begin PBXFrameworksBuildPhase section */
		63CCFCED27AAB21000CC4212 /* Frameworks */ = {
			isa = PBXFrameworksBuildPhase;
			buildActionMask = 2147483647;
			files = (
			);
			runOnlyForDeploymentPostprocessing = 0;
		};
		63CCFD0327AAB21500CC4212 /* Frameworks */ = {
			isa = PBXFrameworksBuildPhase;
			buildActionMask = 2147483647;
			files = (
			);
			runOnlyForDeploymentPostprocessing = 0;
		};
		63CCFD0D27AAB21500CC4212 /* Frameworks */ = {
			isa = PBXFrameworksBuildPhase;
			buildActionMask = 2147483647;
			files = (
			);
			runOnlyForDeploymentPostprocessing = 0;
		};
/* End PBXFrameworksBuildPhase section */

/* Begin PBXGroup section */
		63CCFCE727AAB21000CC4212 = {
			isa = PBXGroup;
			children = (
				63CCFCF227AAB21000CC4212 /* coklu table controller aynı viewcontroller */,
				63CCFD0927AAB21500CC4212 /* coklu table controller aynı viewcontrollerTests */,
				63CCFD1327AAB21500CC4212 /* coklu table controller aynı viewcontrollerUITests */,
				63CCFCF127AAB21000CC4212 /* Products */,
			);
			sourceTree = "<group>";
		};
		63CCFCF127AAB21000CC4212 /* Products */ = {
			isa = PBXGroup;
			children = (
				63CCFCF027AAB21000CC4212 /* coklu table controller aynı viewcontroller.app */,
				63CCFD0627AAB21500CC4212 /* coklu table controller aynı viewcontrollerTests.xctest */,
				63CCFD1027AAB21500CC4212 /* coklu table controller aynı viewcontrollerUITests.xctest */,
			);
			name = Products;
			sourceTree = "<group>";
		};
		63CCFCF227AAB21000CC4212 /* coklu table controller aynı viewcontroller */ = {
			isa = PBXGroup;
			children = (
				63CCFCF327AAB21000CC4212 /* AppDelegate.swift */,
				63CCFCF527AAB21000CC4212 /* SceneDelegate.swift */,
				63CCFCF727AAB21000CC4212 /* ViewController.swift */,
				63CCFCF927AAB21000CC4212 /* Main.storyboard */,
				63CCFCFC27AAB21500CC4212 /* Assets.xcassets */,
				63CCFCFE27AAB21500CC4212 /* LaunchScreen.storyboard */,
				63CCFD0127AAB21500CC4212 /* Info.plist */,
			);
			path = "coklu table controller aynı viewcontroller";
			sourceTree = "<group>";
		};
		63CCFD0927AAB21500CC4212 /* coklu table controller aynı viewcontrollerTests */ = {
			isa = PBXGroup;
			children = (
				63CCFD0A27AAB21500CC4212 /* coklu_table_controller_ayn__viewcontrollerTests.swift */,
			);
			path = "coklu table controller aynı viewcontrollerTests";
			sourceTree = "<group>";
		};
		63CCFD1327AAB21500CC4212 /* coklu table controller aynı viewcontrollerUITests */ = {
			isa = PBXGroup;
			children = (
				63CCFD1427AAB21500CC4212 /* coklu_table_controller_ayn__viewcontrollerUITests.swift */,
				63CCFD1627AAB21500CC4212 /* coklu_table_controller_ayn__viewcontrollerUITestsLaunchTests.swift */,
			);
			path = "coklu table controller aynı viewcontrollerUITests";
			sourceTree = "<group>";
		};
/* End PBXGroup section */

/* Begin PBXNativeTarget section */
		63CCFCEF27AAB21000CC4212 /* coklu table controller aynı viewcontroller */ = {
			isa = PBXNativeTarget;
			buildConfigurationList = 63CCFD1A27AAB21500CC4212 /* Build configuration list for PBXNativeTarget "coklu table controller aynı viewcontroller" */;
			buildPhases = (
				63CCFCEC27AAB21000CC4212 /* Sources */,
				63CCFCED27AAB21000CC4212 /* Frameworks */,
				63CCFCEE27AAB21000CC4212 /* Resources */,
			);
			buildRules = (
			);
			dependencies = (
			);
			name = "coklu table controller aynı viewcontroller";
			productName = "coklu table controller aynı viewcontroller";
			productReference = 63CCFCF027AAB21000CC4212 /* coklu table controller aynı viewcontroller.app */;
			productType = "com.apple.product-type.application";
		};
		63CCFD0527AAB21500CC4212 /* coklu table controller aynı viewcontrollerTests */ = {
			isa = PBXNativeTarget;
			buildConfigurationList = 63CCFD1D27AAB21500CC4212 /* Build configuration list for PBXNativeTarget "coklu table controller aynı viewcontrollerTests" */;
			buildPhases = (
				63CCFD0227AAB21500CC4212 /* Sources */,
				63CCFD0327AAB21500CC4212 /* Frameworks */,
				63CCFD0427AAB21500CC4212 /* Resources */,
			);
			buildRules = (
			);
			dependencies = (
				63CCFD0827AAB21500CC4212 /* PBXTargetDependency */,
			);
			name = "coklu table controller aynı viewcontrollerTests";
			productName = "coklu table controller aynı viewcontrollerTests";
			productReference = 63CCFD0627AAB21500CC4212 /* coklu table controller aynı viewcontrollerTests.xctest */;
			productType = "com.apple.product-type.bundle.unit-test";
		};
		63CCFD0F27AAB21500CC4212 /* coklu table controller aynı viewcontrollerUITests */ = {
			isa = PBXNativeTarget;
			buildConfigurationList = 63CCFD2027AAB21500CC4212 /* Build configuration list for PBXNativeTarget "coklu table controller aynı viewcontrollerUITests" */;
			buildPhases = (
				63CCFD0C27AAB21500CC4212 /* Sources */,
				63CCFD0D27AAB21500CC4212 /* Frameworks */,
				63CCFD0E27AAB21500CC4212 /* Resources */,
			);
			buildRules = (
			);
			dependencies = (
				63CCFD1227AAB21500CC4212 /* PBXTargetDependency */,
			);
			name = "coklu table controller aynı viewcontrollerUITests";
			productName = "coklu table controller aynı viewcontrollerUITests";
			productReference = 63CCFD1027AAB21500CC4212 /* coklu table controller aynı viewcontrollerUITests.xctest */;
			productType = "com.apple.product-type.bundle.ui-testing";
		};
/* End PBXNativeTarget section */

/* Begin PBXProject section */
		63CCFCE827AAB21000CC4212 /* Project object */ = {
			isa = PBXProject;
			attributes = {
				BuildIndependentTargetsInParallel = 1;
				LastSwiftUpdateCheck = 1320;
				LastUpgradeCheck = 1320;
				TargetAttributes = {
					63CCFCEF27AAB21000CC4212 = {
						CreatedOnToolsVersion = 13.2.1;
					};
					63CCFD0527AAB21500CC4212 = {
						CreatedOnToolsVersion = 13.2.1;
						TestTargetID = 63CCFCEF27AAB21000CC4212;
					};
					63CCFD0F27AAB21500CC4212 = {
						CreatedOnToolsVersion = 13.2.1;
						TestTargetID = 63CCFCEF27AAB21000CC4212;
					};
				};
			};
			buildConfigurationList = 63CCFCEB27AAB21000CC4212 /* Build configuration list for PBXProject "coklu table controller aynı viewcontroller" */;
			compatibilityVersion = "Xcode 13.0";
			developmentRegion = en;
			hasScannedForEncodings = 0;
			knownRegions = (
				en,
				Base,
			);
			mainGroup = 63CCFCE727AAB21000CC4212;
			productRefGroup = 63CCFCF127AAB21000CC4212 /* Products */;
			projectDirPath = "";
			projectRoot = "";
			targets = (
				63CCFCEF27AAB21000CC4212 /* coklu table controller aynı viewcontroller */,
				63CCFD0527AAB21500CC4212 /* coklu table controller aynı viewcontrollerTests */,
				63CCFD0F27AAB21500CC4212 /* coklu table controller aynı viewcontrollerUITests */,
			);
		};
/* End PBXProject section */

/* Begin PBXResourcesBuildPhase section */
		63CCFCEE27AAB21000CC4212 /* Resources */ = {
			isa = PBXResourcesBuildPhase;
			buildActionMask = 2147483647;
			files = (
				63CCFD0027AAB21500CC4212 /* LaunchScreen.storyboard in Resources */,
				63CCFCFD27AAB21500CC4212 /* Assets.xcassets in Resources */,
				63CCFCFB27AAB21000CC4212 /* Main.storyboard in Resources */,
			);
			runOnlyForDeploymentPostprocessing = 0;
		};
		63CCFD0427AAB21500CC4212 /* Resources */ = {
			isa = PBXResourcesBuildPhase;
			buildActionMask = 2147483647;
			files = (
			);
			runOnlyForDeploymentPostprocessing = 0;
		};
		63CCFD0E27AAB21500CC4212 /* Resources */ = {
			isa = PBXResourcesBuildPhase;
			buildActionMask = 2147483647;
			files = (
			);
			runOnlyForDeploymentPostprocessing = 0;
		};
/* End PBXResourcesBuildPhase section */

/* Begin PBXSourcesBuildPhase section */
		63CCFCEC27AAB21000CC4212 /* Sources */ = {
			isa = PBXSourcesBuildPhase;
			buildActionMask = 2147483647;
			files = (
				63CCFCF827AAB21000CC4212 /* ViewController.swift in Sources */,
				63CCFCF427AAB21000CC4212 /* AppDelegate.swift in Sources */,
				63CCFCF627AAB21000CC4212 /* SceneDelegate.swift in Sources */,
			);
			runOnlyForDeploymentPostprocessing = 0;
		};
		63CCFD0227AAB21500CC4212 /* Sources */ = {
			isa = PBXSourcesBuildPhase;
			buildActionMask = 2147483647;
			files = (
				63CCFD0B27AAB21500CC4212 /* coklu_table_controller_ayn__viewcontrollerTests.swift in Sources */,
			);
			runOnlyForDeploymentPostprocessing = 0;
		};
		63CCFD0C27AAB21500CC4212 /* Sources */ = {
			isa = PBXSourcesBuildPhase;
			buildActionMask = 2147483647;
			files = (
				63CCFD1727AAB21500CC4212 /* coklu_table_controller_ayn__viewcontrollerUITestsLaunchTests.swift in Sources */,
				63CCFD1527AAB21500CC4212 /* coklu_table_controller_ayn__viewcontrollerUITests.swift in Sources */,
			);
			runOnlyForDeploymentPostprocessing = 0;
		};
/* End PBXSourcesBuildPhase section */

/* Begin PBXTargetDependency section */
		63CCFD0827AAB21500CC4212 /* PBXTargetDependency */ = {
			isa = PBXTargetDependency;
			target = 63CCFCEF27AAB21000CC4212 /* coklu table controller aynı viewcontroller */;
			targetProxy = 63CCFD0727AAB21500CC4212 /* PBXContainerItemProxy */;
		};
		63CCFD1227AAB21500CC4212 /* PBXTargetDependency */ = {
			isa = PBXTargetDependency;
			target = 63CCFCEF27AAB21000CC4212 /* coklu table controller aynı viewcontroller */;
			targetProxy = 63CCFD1127AAB21500CC4212 /* PBXContainerItemProxy */;
		};
/* End PBXTargetDependency section */

/* Begin PBXVariantGroup section */
		63CCFCF927AAB21000CC4212 /* Main.storyboard */ = {
			isa = PBXVariantGroup;
			children = (
				63CCFCFA27AAB21000CC4212 /* Base */,
			);
			name = Main.storyboard;
			sourceTree = "<group>";
		};
		63CCFCFE27AAB21500CC4212 /* LaunchScreen.storyboard */ = {
			isa = PBXVariantGroup;
			children = (
				63CCFCFF27AAB21500CC4212 /* Base */,
			);
			name = LaunchScreen.storyboard;
			sourceTree = "<group>";
		};
/* End PBXVariantGroup section */

/* Begin XCBuildConfiguration section */
		63CCFD1827AAB21500CC4212 /* Debug */ = {
			isa = XCBuildConfiguration;
			buildSettings = {
				ALWAYS_SEARCH_USER_PATHS = NO;
				CLANG_ANALYZER_NONNULL = YES;
				CLANG_ANALYZER_NUMBER_OBJECT_CONVERSION = YES_AGGRESSIVE;
				CLANG_CXX_LANGUAGE_STANDARD = "gnu++17";
				CLANG_CXX_LIBRARY = "libc++";
				CLANG_ENABLE_MODULES = YES;
				CLANG_ENABLE_OBJC_ARC = YES;
				CLANG_ENABLE_OBJC_WEAK = YES;
				CLANG_WARN_BLOCK_CAPTURE_AUTORELEASING = YES;
				CLANG_WARN_BOOL_CONVERSION = YES;
				CLANG_WARN_COMMA = YES;
				CLANG_WARN_CONSTANT_CONVERSION = YES;
				CLANG_WARN_DEPRECATED_OBJC_IMPLEMENTATIONS = YES;
				CLANG_WARN_DIRECT_OBJC_ISA_USAGE = YES_ERROR;
				CLANG_WARN_DOCUMENTATION_COMMENTS = YES;
				CLANG_WARN_EMPTY_BODY = YES;
				CLANG_WARN_ENUM_CONVERSION = YES;
				CLANG_WARN_INFINITE_RECURSION = YES;
				CLANG_WARN_INT_CONVERSION = YES;
				CLANG_WARN_NON_LITERAL_NULL_CONVERSION = YES;
				CLANG_WARN_OBJC_IMPLICIT_RETAIN_SELF = YES;
				CLANG_WARN_OBJC_LITERAL_CONVERSION = YES;
				CLANG_WARN_OBJC_ROOT_CLASS = YES_ERROR;
				CLANG_WARN_QUOTED_INCLUDE_IN_FRAMEWORK_HEADER = YES;
				CLANG_WARN_RANGE_LOOP_ANALYSIS = YES;
				CLANG_WARN_STRICT_PROTOTYPES = YES;
				CLANG_WARN_SUSPICIOUS_MOVE = YES;
				CLANG_WARN_UNGUARDED_AVAILABILITY = YES_AGGRESSIVE;
				CLANG_WARN_UNREACHABLE_CODE = YES;
				CLANG_WARN__DUPLICATE_METHOD_MATCH = YES;
				COPY_PHASE_STRIP = NO;
				DEBUG_INFORMATION_FORMAT = dwarf;
				ENABLE_STRICT_OBJC_MSGSEND = YES;
				ENABLE_TESTABILITY = YES;
				GCC_C_LANGUAGE_STANDARD = gnu11;
				GCC_DYNAMIC_NO_PIC = NO;
				GCC_NO_COMMON_BLOCKS = YES;
				GCC_OPTIMIZATION_LEVEL = 0;
				GCC_PREPROCESSOR_DEFINITIONS = (
					"DEBUG=1",
					"$(inherited)",
				);
				GCC_WARN_64_TO_32_BIT_CONVERSION = YES;
				GCC_WARN_ABOUT_RETURN_TYPE = YES_ERROR;
				GCC_WARN_UNDECLARED_SELECTOR = YES;
				GCC_WARN_UNINITIALIZED_AUTOS = YES_AGGRESSIVE;
				GCC_WARN_UNUSED_FUNCTION = YES;
				GCC_WARN_UNUSED_VARIABLE = YES;
				IPHONEOS_DEPLOYMENT_TARGET = 15.2;
				MTL_ENABLE_DEBUG_INFO = INCLUDE_SOURCE;
				MTL_FAST_MATH = YES;
				ONLY_ACTIVE_ARCH = YES;
				SDKROOT = iphoneos;
				SWIFT_ACTIVE_COMPILATION_CONDITIONS = DEBUG;
				SWIFT_OPTIMIZATION_LEVEL = "-Onone";
			};
			name = Debug;
		};
		63CCFD1927AAB21500CC4212 /* Release */ = {
			isa = XCBuildConfiguration;
			buildSettings = {
				ALWAYS_SEARCH_USER_PATHS = NO;
				CLANG_ANALYZER_NONNULL = YES;
				CLANG_ANALYZER_NUMBER_OBJECT_CONVERSION = YES_AGGRESSIVE;
				CLANG_CXX_LANGUAGE_STANDARD = "gnu++17";
				CLANG_CXX_LIBRARY = "libc++";
				CLANG_ENABLE_MODULES = YES;
				CLANG_ENABLE_OBJC_ARC = YES;
				CLANG_ENABLE_OBJC_WEAK = YES;
				CLANG_WARN_BLOCK_CAPTURE_AUTORELEASING = YES;
				CLANG_WARN_BOOL_CONVERSION = YES;
				CLANG_WARN_COMMA = YES;
				CLANG_WARN_CONSTANT_CONVERSION = YES;
				CLANG_WARN_DEPRECATED_OBJC_IMPLEMENTATIONS = YES;
				CLANG_WARN_DIRECT_OBJC_ISA_USAGE = YES_ERROR;
				CLANG_WARN_DOCUMENTATION_COMMENTS = YES;
				CLANG_WARN_EMPTY_BODY = YES;
				CLANG_WARN_ENUM_CONVERSION = YES;
				CLANG_WARN_INFINITE_RECURSION = YES;
				CLANG_WARN_INT_CONVERSION = YES;
				CLANG_WARN_NON_LITERAL_NULL_CONVERSION = YES;
				CLANG_WARN_OBJC_IMPLICIT_RETAIN_SELF = YES;
				CLANG_WARN_OBJC_LITERAL_CONVERSION = YES;
				CLANG_WARN_OBJC_ROOT_CLASS = YES_ERROR;
				CLANG_WARN_QUOTED_INCLUDE_IN_FRAMEWORK_HEADER = YES;
				CLANG_WARN_RANGE_LOOP_ANALYSIS = YES;
				CLANG_WARN_STRICT_PROTOTYPES = YES;
				CLANG_WARN_SUSPICIOUS_MOVE = YES;
				CLANG_WARN_UNGUARDED_AVAILABILITY = YES_AGGRESSIVE;
				CLANG_WARN_UNREACHABLE_CODE = YES;
				CLANG_WARN__DUPLICATE_METHOD_MATCH = YES;
				COPY_PHASE_STRIP = NO;
				DEBUG_INFORMATION_FORMAT = "dwarf-with-dsym";
				ENABLE_NS_ASSERTIONS = NO;
				ENABLE_STRICT_OBJC_MSGSEND = YES;
				GCC_C_LANGUAGE_STANDARD = gnu11;
				GCC_NO_COMMON_BLOCKS = YES;
				GCC_WARN_64_TO_32_BIT_CONVERSION = YES;
				GCC_WARN_ABOUT_RETURN_TYPE = YES_ERROR;
				GCC_WARN_UNDECLARED_SELECTOR = YES;
				GCC_WARN_UNINITIALIZED_AUTOS = YES_AGGRESSIVE;
				GCC_WARN_UNUSED_FUNCTION = YES;
				GCC_WARN_UNUSED_VARIABLE = YES;
				IPHONEOS_DEPLOYMENT_TARGET = 15.2;
				MTL_ENABLE_DEBUG_INFO = NO;
				MTL_FAST_MATH = YES;
				SDKROOT = iphoneos;
				SWIFT_COMPILATION_MODE = wholemodule;
				SWIFT_OPTIMIZATION_LEVEL = "-O";
				VALIDATE_PRODUCT = YES;
			};
			name = Release;
		};
		63CCFD1B27AAB21500CC4212 /* Debug */ = {
			isa = XCBuildConfiguration;
			buildSettings = {
				ASSETCATALOG_COMPILER_APPICON_NAME = AppIcon;
				ASSETCATALOG_COMPILER_GLOBAL_ACCENT_COLOR_NAME = AccentColor;
				CODE_SIGN_STYLE = Automatic;
				CURRENT_PROJECT_VERSION = 1;
				GENERATE_INFOPLIST_FILE = YES;
				INFOPLIST_FILE = "coklu table controller aynı viewcontroller/Info.plist";
				INFOPLIST_KEY_UIApplicationSupportsIndirectInputEvents = YES;
				INFOPLIST_KEY_UILaunchStoryboardName = LaunchScreen;
				INFOPLIST_KEY_UIMainStoryboardFile = Main;
				INFOPLIST_KEY_UISupportedInterfaceOrientations_iPad = "UIInterfaceOrientationPortrait UIInterfaceOrientationPortraitUpsideDown UIInterfaceOrientationLandscapeLeft UIInterfaceOrientationLandscapeRight";
				INFOPLIST_KEY_UISupportedInterfaceOrientations_iPhone = "UIInterfaceOrientationPortrait UIInterfaceOrientationLandscapeLeft UIInterfaceOrientationLandscapeRight";
				LD_RUNPATH_SEARCH_PATHS = (
					"$(inherited)",
					"@executable_path/Frameworks",
				);
				MARKETING_VERSION = 1.0;
				PRODUCT_BUNDLE_IDENTIFIER = "infosayitahimn.coklu-table-controller-ayn--viewcontroller";
				PRODUCT_NAME = "$(TARGET_NAME)";
				SWIFT_EMIT_LOC_STRINGS = YES;
				SWIFT_VERSION = 5.0;
				TARGETED_DEVICE_FAMILY = "1,2";
			};
			name = Debug;
		};
		63CCFD1C27AAB21500CC4212 /* Release */ = {
			isa = XCBuildConfiguration;
			buildSettings = {
				ASSETCATALOG_COMPILER_APPICON_NAME = AppIcon;
				ASSETCATALOG_COMPILER_GLOBAL_ACCENT_COLOR_NAME = AccentColor;
				CODE_SIGN_STYLE = Automatic;
				CURRENT_PROJECT_VERSION = 1;
				GENERATE_INFOPLIST_FILE = YES;
				INFOPLIST_FILE = "coklu table controller aynı viewcontroller/Info.plist";
				INFOPLIST_KEY_UIApplicationSupportsIndirectInputEvents = YES;
				INFOPLIST_KEY_UILaunchStoryboardName = LaunchScreen;
				INFOPLIST_KEY_UIMainStoryboardFile = Main;
				INFOPLIST_KEY_UISupportedInterfaceOrientations_iPad = "UIInterfaceOrientationPortrait UIInterfaceOrientationPortraitUpsideDown UIInterfaceOrientationLandscapeLeft UIInterfaceOrientationLandscapeRight";
				INFOPLIST_KEY_UISupportedInterfaceOrientations_iPhone = "UIInterfaceOrientationPortrait UIInterfaceOrientationLandscapeLeft UIInterfaceOrientationLandscapeRight";
				LD_RUNPATH_SEARCH_PATHS = (
					"$(inherited)",
					"@executable_path/Frameworks",
				);
				MARKETING_VERSION = 1.0;
				PRODUCT_BUNDLE_IDENTIFIER = "infosayitahimn.coklu-table-controller-ayn--viewcontroller";
				PRODUCT_NAME = "$(TARGET_NAME)";
				SWIFT_EMIT_LOC_STRINGS = YES;
				SWIFT_VERSION = 5.0;
				TARGETED_DEVICE_FAMILY = "1,2";
			};
			name = Release;
		};
		63CCFD1E27AAB21500CC4212 /* Debug */ = {
			isa = XCBuildConfiguration;
			buildSettings = {
				ALWAYS_EMBED_SWIFT_STANDARD_LIBRARIES = YES;
				BUNDLE_LOADER = "$(TEST_HOST)";
				CODE_SIGN_STYLE = Automatic;
				CURRENT_PROJECT_VERSION = 1;
				GENERATE_INFOPLIST_FILE = YES;
				IPHONEOS_DEPLOYMENT_TARGET = 15.2;
				MARKETING_VERSION = 1.0;
				PRODUCT_BUNDLE_IDENTIFIER = "infosayitahimn.coklu-table-controller-ayn--viewcontrollerTests";
				PRODUCT_NAME = "$(TARGET_NAME)";
				SWIFT_EMIT_LOC_STRINGS = NO;
				SWIFT_VERSION = 5.0;
				TARGETED_DEVICE_FAMILY = "1,2";
				TEST_HOST = "$(BUILT_PRODUCTS_DIR)/coklu table controller aynı viewcontroller.app/coklu table controller aynı viewcontroller";
			};
			name = Debug;
		};
		63CCFD1F27AAB21500CC4212 /* Release */ = {
			isa = XCBuildConfiguration;
			buildSettings = {
				ALWAYS_EMBED_SWIFT_STANDARD_LIBRARIES = YES;
				BUNDLE_LOADER = "$(TEST_HOST)";
				CODE_SIGN_STYLE = Automatic;
				CURRENT_PROJECT_VERSION = 1;
				GENERATE_INFOPLIST_FILE = YES;
				IPHONEOS_DEPLOYMENT_TARGET = 15.2;
				MARKETING_VERSION = 1.0;
				PRODUCT_BUNDLE_IDENTIFIER = "infosayitahimn.coklu-table-controller-ayn--viewcontrollerTests";
				PRODUCT_NAME = "$(TARGET_NAME)";
				SWIFT_EMIT_LOC_STRINGS = NO;
				SWIFT_VERSION = 5.0;
				TARGETED_DEVICE_FAMILY = "1,2";
				TEST_HOST = "$(BUILT_PRODUCTS_DIR)/coklu table controller aynı viewcontroller.app/coklu table controller aynı viewcontroller";
			};
			name = Release;
		};
		63CCFD2127AAB21500CC4212 /* Debug */ = {
			isa = XCBuildConfiguration;
			buildSettings = {
				ALWAYS_EMBED_SWIFT_STANDARD_LIBRARIES = YES;
				CODE_SIGN_STYLE = Automatic;
				CURRENT_PROJECT_VERSION = 1;
				GENERATE_INFOPLIST_FILE = YES;
				MARKETING_VERSION = 1.0;
				PRODUCT_BUNDLE_IDENTIFIER = "infosayitahimn.coklu-table-controller-ayn--viewcontrollerUITests";
				PRODUCT_NAME = "$(TARGET_NAME)";
				SWIFT_EMIT_LOC_STRINGS = NO;
				SWIFT_VERSION = 5.0;
				TARGETED_DEVICE_FAMILY = "1,2";
				TEST_TARGET_NAME = "coklu table controller aynı viewcontroller";
			};
			name = Debug;
		};
		63CCFD2227AAB21500CC4212 /* Release */ = {
			isa = XCBuildConfiguration;
			buildSettings = {
				ALWAYS_EMBED_SWIFT_STANDARD_LIBRARIES = YES;
				CODE_SIGN_STYLE = Automatic;
				CURRENT_PROJECT_VERSION = 1;
				GENERATE_INFOPLIST_FILE = YES;
				MARKETING_VERSION = 1.0;
				PRODUCT_BUNDLE_IDENTIFIER = "infosayitahimn.coklu-table-controller-ayn--viewcontrollerUITests";
				PRODUCT_NAME = "$(TARGET_NAME)";
				SWIFT_EMIT_LOC_STRINGS = NO;
				SWIFT_VERSION = 5.0;
				TARGETED_DEVICE_FAMILY = "1,2";
				TEST_TARGET_NAME = "coklu table controller aynı viewcontroller";
			};
			name = Release;
		};
/* End XCBuildConfiguration section */

/* Begin XCConfigurationList section */
		63CCFCEB27AAB21000CC4212 /* Build configuration list for PBXProject "coklu table controller aynı viewcontroller" */ = {
			isa = XCConfigurationList;
			buildConfigurations = (
				63CCFD1827AAB21500CC4212 /* Debug */,
				63CCFD1927AAB21500CC4212 /* Release */,
			);
			defaultConfigurationIsVisible = 0;
			defaultConfigurationName = Release;
		};
		63CCFD1A27AAB21500CC4212 /* Build configuration list for PBXNativeTarget "coklu table controller aynı viewcontroller" */ = {
			isa = XCConfigurationList;
			buildConfigurations = (
				63CCFD1B27AAB21500CC4212 /* Debug */,
				63CCFD1C27AAB21500CC4212 /* Release */,
			);
			defaultConfigurationIsVisible = 0;
			defaultConfigurationName = Release;
		};
		63CCFD1D27AAB21500CC4212 /* Build configuration list for PBXNativeTarget "coklu table controller aynı viewcontrollerTests" */ = {
			isa = XCConfigurationList;
			buildConfigurations = (
				63CCFD1E27AAB21500CC4212 /* Debug */,
				63CCFD1F27AAB21500CC4212 /* Release */,
			);
			defaultConfigurationIsVisible = 0;
			defaultConfigurationName = Release;
		};
		63CCFD2027AAB21500CC4212 /* Build configuration list for PBXNativeTarget "coklu table controller aynı viewcontrollerUITests" */ = {
			isa = XCConfigurationList;
			buildConfigurations = (
				63CCFD2127AAB21500CC4212 /* Debug */,
				63CCFD2227AAB21500CC4212 /* Release */,
			);
			defaultConfigurationIsVisible = 0;
			defaultConfigurationName = Release;
		};
/* End XCConfigurationList section */
	};
	rootObject = 63CCFCE827AAB21000CC4212 /* Project object */;
}
